// !$*UTF8*$!
{
	archiveVersion = 1;
	classes = {
	};
	objectVersion = 50;
	objects = {

/* Begin PBXBuildFile section */
		1918DF13234BEF3500471691 /* AppDelegate.swift in Sources */ = {isa = PBXBuildFile; fileRef = 1918DF12234BEF3500471691 /* AppDelegate.swift */; };
		1918DF15234BEF3500471691 /* ViewController.swift in Sources */ = {isa = PBXBuildFile; fileRef = 1918DF14234BEF3500471691 /* ViewController.swift */; };
		1918DF18234BEF3500471691 /* Main.storyboard in Resources */ = {isa = PBXBuildFile; fileRef = 1918DF16234BEF3500471691 /* Main.storyboard */; };
		1918DF1A234BEF3600471691 /* Assets.xcassets in Resources */ = {isa = PBXBuildFile; fileRef = 1918DF19234BEF3600471691 /* Assets.xcassets */; };
		1918DF1D234BEF3600471691 /* LaunchScreen.storyboard in Resources */ = {isa = PBXBuildFile; fileRef = 1918DF1B234BEF3600471691 /* LaunchScreen.storyboard */; };
		1918DF28234BEF3700471691 /* SimonSaysTests.swift in Sources */ = {isa = PBXBuildFile; fileRef = 1918DF27234BEF3700471691 /* SimonSaysTests.swift */; };
		1918DF33234BEF3700471691 /* SimonSaysUITests.swift in Sources */ = {isa = PBXBuildFile; fileRef = 1918DF32234BEF3700471691 /* SimonSaysUITests.swift */; };
		1918DF44234BF67700471691 /* pink.mp3 in Resources */ = {isa = PBXBuildFile; fileRef = 1918DF40234BF67700471691 /* pink.mp3 */; };
		1918DF45234BF67700471691 /* red.mp3 in Resources */ = {isa = PBXBuildFile; fileRef = 1918DF41234BF67700471691 /* red.mp3 */; };
		1918DF46234BF67700471691 /* orange.mp3 in Resources */ = {isa = PBXBuildFile; fileRef = 1918DF42234BF67700471691 /* orange.mp3 */; };
		1918DF47234BF67700471691 /* green.mp3 in Resources */ = {isa = PBXBuildFile; fileRef = 1918DF43234BF67700471691 /* green.mp3 */; };
/* End PBXBuildFile section */

/* Begin PBXContainerItemProxy section */
		1918DF24234BEF3700471691 /* PBXContainerItemProxy */ = {
			isa = PBXContainerItemProxy;
			containerPortal = 1918DF07234BEF3500471691 /* Project object */;
			proxyType = 1;
			remoteGlobalIDString = 1918DF0E234BEF3500471691;
			remoteInfo = SimonSays;
		};
		1918DF2F234BEF3700471691 /* PBXContainerItemProxy */ = {
			isa = PBXContainerItemProxy;
			containerPortal = 1918DF07234BEF3500471691 /* Project object */;
			proxyType = 1;
			remoteGlobalIDString = 1918DF0E234BEF3500471691;
			remoteInfo = SimonSays;
		};
/* End PBXContainerItemProxy section */

/* Begin PBXFileReference section */
		1918DF0F234BEF3500471691 /* SimonSays.app */ = {isa = PBXFileReference; explicitFileType = wrapper.application; includeInIndex = 0; path = SimonSays.app; sourceTree = BUILT_PRODUCTS_DIR; };
		1918DF12234BEF3500471691 /* AppDelegate.swift */ = {isa = PBXFileReference; lastKnownFileType = sourcecode.swift; path = AppDelegate.swift; sourceTree = "<group>"; };
		1918DF14234BEF3500471691 /* ViewController.swift */ = {isa = PBXFileReference; lastKnownFileType = sourcecode.swift; path = ViewController.swift; sourceTree = "<group>"; };
		1918DF17234BEF3500471691 /* Base */ = {isa = PBXFileReference; lastKnownFileType = file.storyboard; name = Base; path = Base.lproj/Main.storyboard; sourceTree = "<group>"; };
		1918DF19234BEF3600471691 /* Assets.xcassets */ = {isa = PBXFileReference; lastKnownFileType = folder.assetcatalog; path = Assets.xcassets; sourceTree = "<group>"; };
		1918DF1C234BEF3600471691 /* Base */ = {isa = PBXFileReference; lastKnownFileType = file.storyboard; name = Base; path = Base.lproj/LaunchScreen.storyboard; sourceTree = "<group>"; };
		1918DF1E234BEF3600471691 /* Info.plist */ = {isa = PBXFileReference; lastKnownFileType = text.plist.xml; path = Info.plist; sourceTree = "<group>"; };
		1918DF23234BEF3700471691 /* SimonSaysTests.xctest */ = {isa = PBXFileReference; explicitFileType = wrapper.cfbundle; includeInIndex = 0; path = SimonSaysTests.xctest; sourceTree = BUILT_PRODUCTS_DIR; };
		1918DF27234BEF3700471691 /* SimonSaysTests.swift */ = {isa = PBXFileReference; lastKnownFileType = sourcecode.swift; path = SimonSaysTests.swift; sourceTree = "<group>"; };
		1918DF29234BEF3700471691 /* Info.plist */ = {isa = PBXFileReference; lastKnownFileType = text.plist.xml; path = Info.plist; sourceTree = "<group>"; };
		1918DF2E234BEF3700471691 /* SimonSaysUITests.xctest */ = {isa = PBXFileReference; explicitFileType = wrapper.cfbundle; includeInIndex = 0; path = SimonSaysUITests.xctest; sourceTree = BUILT_PRODUCTS_DIR; };
		1918DF32234BEF3700471691 /* SimonSaysUITests.swift */ = {isa = PBXFileReference; lastKnownFileType = sourcecode.swift; path = SimonSaysUITests.swift; sourceTree = "<group>"; };
		1918DF34234BEF3700471691 /* Info.plist */ = {isa = PBXFileReference; lastKnownFileType = text.plist.xml; path = Info.plist; sourceTree = "<group>"; };
		1918DF40234BF67700471691 /* pink.mp3 */ = {isa = PBXFileReference; lastKnownFileType = audio.mp3; path = pink.mp3; sourceTree = "<group>"; };
		1918DF41234BF67700471691 /* red.mp3 */ = {isa = PBXFileReference; lastKnownFileType = audio.mp3; path = red.mp3; sourceTree = "<group>"; };
		1918DF42234BF67700471691 /* orange.mp3 */ = {isa = PBXFileReference; lastKnownFileType = audio.mp3; path = orange.mp3; sourceTree = "<group>"; };
		1918DF43234BF67700471691 /* green.mp3 */ = {isa = PBXFileReference; lastKnownFileType = audio.mp3; path = green.mp3; sourceTree = "<group>"; };
/* End PBXFileReference section */

/* Begin PBXFrameworksBuildPhase section */
		1918DF0C234BEF3500471691 /* Frameworks */ = {
			isa = PBXFrameworksBuildPhase;
			buildActionMask = 2147483647;
			files = (
			);
			runOnlyForDeploymentPostprocessing = 0;
		};
		1918DF20234BEF3700471691 /* Frameworks */ = {
			isa = PBXFrameworksBuildPhase;
			buildActionMask = 2147483647;
			files = (
			);
			runOnlyForDeploymentPostprocessing = 0;
		};
		1918DF2B234BEF3700471691 /* Frameworks */ = {
			isa = PBXFrameworksBuildPhase;
			buildActionMask = 2147483647;
			files = (
			);
			runOnlyForDeploymentPostprocessing = 0;
		};
/* End PBXFrameworksBuildPhase section */

/* Begin PBXGroup section */
		1918DF06234BEF3500471691 = {
			isa = PBXGroup;
			children = (
				1918DF11234BEF3500471691 /* SimonSays */,
				1918DF26234BEF3700471691 /* SimonSaysTests */,
				1918DF31234BEF3700471691 /* SimonSaysUITests */,
				1918DF10234BEF3500471691 /* Products */,
			);
			sourceTree = "<group>";
		};
		1918DF10234BEF3500471691 /* Products */ = {
			isa = PBXGroup;
			children = (
				1918DF0F234BEF3500471691 /* SimonSays.app */,
				1918DF23234BEF3700471691 /* SimonSaysTests.xctest */,
				1918DF2E234BEF3700471691 /* SimonSaysUITests.xctest */,
			);
			name = Products;
			sourceTree = "<group>";
		};
		1918DF11234BEF3500471691 /* SimonSays */ = {
			isa = PBXGroup;
			children = (
				1918DF43234BF67700471691 /* green.mp3 */,
				1918DF42234BF67700471691 /* orange.mp3 */,
				1918DF40234BF67700471691 /* pink.mp3 */,
				1918DF41234BF67700471691 /* red.mp3 */,
				1918DF12234BEF3500471691 /* AppDelegate.swift */,
				1918DF14234BEF3500471691 /* ViewController.swift */,
				1918DF16234BEF3500471691 /* Main.storyboard */,
				1918DF19234BEF3600471691 /* Assets.xcassets */,
				1918DF1B234BEF3600471691 /* LaunchScreen.storyboard */,
				1918DF1E234BEF3600471691 /* Info.plist */,
			);
			path = SimonSays;
			sourceTree = "<group>";
		};
		1918DF26234BEF3700471691 /* SimonSaysTests */ = {
			isa = PBXGroup;
			children = (
				1918DF27234BEF3700471691 /* SimonSaysTests.swift */,
				1918DF29234BEF3700471691 /* Info.plist */,
			);
			path = SimonSaysTests;
			sourceTree = "<group>";
		};
		1918DF31234BEF3700471691 /* SimonSaysUITests */ = {
			isa = PBXGroup;
			children = (
				1918DF32234BEF3700471691 /* SimonSaysUITests.swift */,
				1918DF34234BEF3700471691 /* Info.plist */,
			);
			path = SimonSaysUITests;
			sourceTree = "<group>";
		};
/* End PBXGroup section */

/* Begin PBXNativeTarget section */
		1918DF0E234BEF3500471691 /* SimonSays */ = {
			isa = PBXNativeTarget;
			buildConfigurationList = 1918DF37234BEF3700471691 /* Build configuration list for PBXNativeTarget "SimonSays" */;
			buildPhases = (
				1918DF0B234BEF3500471691 /* Sources */,
				1918DF0C234BEF3500471691 /* Frameworks */,
				1918DF0D234BEF3500471691 /* Resources */,
			);
			buildRules = (
			);
			dependencies = (
			);
			name = SimonSays;
			productName = SimonSays;
			productReference = 1918DF0F234BEF3500471691 /* SimonSays.app */;
			productType = "com.apple.product-type.application";
		};
		1918DF22234BEF3700471691 /* SimonSaysTests */ = {
			isa = PBXNativeTarget;
			buildConfigurationList = 1918DF3A234BEF3700471691 /* Build configuration list for PBXNativeTarget "SimonSaysTests" */;
			buildPhases = (
				1918DF1F234BEF3700471691 /* Sources */,
				1918DF20234BEF3700471691 /* Frameworks */,
				1918DF21234BEF3700471691 /* Resources */,
			);
			buildRules = (
			);
			dependencies = (
				1918DF25234BEF3700471691 /* PBXTargetDependency */,
			);
			name = SimonSaysTests;
			productName = SimonSaysTests;
			productReference = 1918DF23234BEF3700471691 /* SimonSaysTests.xctest */;
			productType = "com.apple.product-type.bundle.unit-test";
		};
		1918DF2D234BEF3700471691 /* SimonSaysUITests */ = {
			isa = PBXNativeTarget;
			buildConfigurationList = 1918DF3D234BEF3700471691 /* Build configuration list for PBXNativeTarget "SimonSaysUITests" */;
			buildPhases = (
				1918DF2A234BEF3700471691 /* Sources */,
				1918DF2B234BEF3700471691 /* Frameworks */,
				1918DF2C234BEF3700471691 /* Resources */,
			);
			buildRules = (
			);
			dependencies = (
				1918DF30234BEF3700471691 /* PBXTargetDependency */,
			);
			name = SimonSaysUITests;
			productName = SimonSaysUITests;
			productReference = 1918DF2E234BEF3700471691 /* SimonSaysUITests.xctest */;
			productType = "com.apple.product-type.bundle.ui-testing";
		};
/* End PBXNativeTarget section */

/* Begin PBXProject section */
		1918DF07234BEF3500471691 /* Project object */ = {
			isa = PBXProject;
			attributes = {
				LastSwiftUpdateCheck = 1030;
				LastUpgradeCheck = 1030;
				ORGANIZATIONNAME = UDLAP19;
				TargetAttributes = {
					1918DF0E234BEF3500471691 = {
						CreatedOnToolsVersion = 10.3;
					};
					1918DF22234BEF3700471691 = {
						CreatedOnToolsVersion = 10.3;
						TestTargetID = 1918DF0E234BEF3500471691;
					};
					1918DF2D234BEF3700471691 = {
						CreatedOnToolsVersion = 10.3;
						TestTargetID = 1918DF0E234BEF3500471691;
					};
				};
			};
			buildConfigurationList = 1918DF0A234BEF3500471691 /* Build configuration list for PBXProject "SimonSays" */;
			compatibilityVersion = "Xcode 9.3";
			developmentRegion = en;
			hasScannedForEncodings = 0;
			knownRegions = (
				en,
				Base,
			);
			mainGroup = 1918DF06234BEF3500471691;
			productRefGroup = 1918DF10234BEF3500471691 /* Products */;
			projectDirPath = "";
			projectRoot = "";
			targets = (
				1918DF0E234BEF3500471691 /* SimonSays */,
				1918DF22234BEF3700471691 /* SimonSaysTests */,
				1918DF2D234BEF3700471691 /* SimonSaysUITests */,
			);
		};
/* End PBXProject section */

/* Begin PBXResourcesBuildPhase section */
		1918DF0D234BEF3500471691 /* Resources */ = {
			isa = PBXResourcesBuildPhase;
			buildActionMask = 2147483647;
			files = (
				1918DF44234BF67700471691 /* pink.mp3 in Resources */,
				1918DF1D234BEF3600471691 /* LaunchScreen.storyboard in Resources */,
				1918DF46234BF67700471691 /* orange.mp3 in Resources */,
				1918DF1A234BEF3600471691 /* Assets.xcassets in Resources */,
				1918DF47234BF67700471691 /* green.mp3 in Resources */,
				1918DF45234BF67700471691 /* red.mp3 in Resources */,
				1918DF18234BEF3500471691 /* Main.storyboard in Resources */,
			);
			runOnlyForDeploymentPostprocessing = 0;
		};
		1918DF21234BEF3700471691 /* Resources */ = {
			isa = PBXResourcesBuildPhase;
			buildActionMask = 2147483647;
			files = (
			);
			runOnlyForDeploymentPostprocessing = 0;
		};
		1918DF2C234BEF3700471691 /* Resources */ = {
			isa = PBXResourcesBuildPhase;
			buildActionMask = 2147483647;
			files = (
			);
			runOnlyForDeploymentPostprocessing = 0;
		};
/* End PBXResourcesBuildPhase section */

/* Begin PBXSourcesBuildPhase section */
		1918DF0B234BEF3500471691 /* Sources */ = {
			isa = PBXSourcesBuildPhase;
			buildActionMask = 2147483647;
			files = (
				1918DF15234BEF3500471691 /* ViewController.swift in Sources */,
				1918DF13234BEF3500471691 /* AppDelegate.swift in Sources */,
			);
			runOnlyForDeploymentPostprocessing = 0;
		};
		1918DF1F234BEF3700471691 /* Sources */ = {
			isa = PBXSourcesBuildPhase;
			buildActionMask = 2147483647;
			files = (
				1918DF28234BEF3700471691 /* SimonSaysTests.swift in Sources */,
			);
			runOnlyForDeploymentPostprocessing = 0;
		};
		1918DF2A234BEF3700471691 /* Sources */ = {
			isa = PBXSourcesBuildPhase;
			buildActionMask = 2147483647;
			files = (
				1918DF33234BEF3700471691 /* SimonSaysUITests.swift in Sources */,
			);
			runOnlyForDeploymentPostprocessing = 0;
		};
/* End PBXSourcesBuildPhase section */

/* Begin PBXTargetDependency section */
		1918DF25234BEF3700471691 /* PBXTargetDependency */ = {
			isa = PBXTargetDependency;
			target = 1918DF0E234BEF3500471691 /* SimonSays */;
			targetProxy = 1918DF24234BEF3700471691 /* PBXContainerItemProxy */;
		};
		1918DF30234BEF3700471691 /* PBXTargetDependency */ = {
			isa = PBXTargetDependency;
			target = 1918DF0E234BEF3500471691 /* SimonSays */;
			targetProxy = 1918DF2F234BEF3700471691 /* PBXContainerItemProxy */;
		};
/* End PBXTargetDependency section */

/* Begin PBXVariantGroup section */
		1918DF16234BEF3500471691 /* Main.storyboard */ = {
			isa = PBXVariantGroup;
			children = (
				1918DF17234BEF3500471691 /* Base */,
			);
			name = Main.storyboard;
			sourceTree = "<group>";
		};
		1918DF1B234BEF3600471691 /* LaunchScreen.storyboard */ = {
			isa = PBXVariantGroup;
			children = (
				1918DF1C234BEF3600471691 /* Base */,
			);
			name = LaunchScreen.storyboard;
			sourceTree = "<group>";
		};
/* End PBXVariantGroup section */

/* Begin XCBuildConfiguration section */
		1918DF35234BEF3700471691 /* Debug */ = {
			isa = XCBuildConfiguration;
			buildSettings = {
				ALWAYS_SEARCH_USER_PATHS = NO;
				CLANG_ANALYZER_NONNULL = YES;
				CLANG_ANALYZER_NUMBER_OBJECT_CONVERSION = YES_AGGRESSIVE;
				CLANG_CXX_LANGUAGE_STANDARD = "gnu++14";
				CLANG_CXX_LIBRARY = "libc++";
				CLANG_ENABLE_MODULES = YES;
				CLANG_ENABLE_OBJC_ARC = YES;
				CLANG_ENABLE_OBJC_WEAK = YES;
				CLANG_WARN_BLOCK_CAPTURE_AUTORELEASING = YES;
				CLANG_WARN_BOOL_CONVERSION = YES;
				CLANG_WARN_COMMA = YES;
				CLANG_WARN_CONSTANT_CONVERSION = YES;
				CLANG_WARN_DEPRECATED_OBJC_IMPLEMENTATIONS = YES;
				CLANG_WARN_DIRECT_OBJC_ISA_USAGE = YES_ERROR;
				CLANG_WARN_DOCUMENTATION_COMMENTS = YES;
				CLANG_WARN_EMPTY_BODY = YES;
				CLANG_WARN_ENUM_CONVERSION = YES;
				CLANG_WARN_INFINITE_RECURSION = YES;
				CLANG_WARN_INT_CONVERSION = YES;
				CLANG_WARN_NON_LITERAL_NULL_CONVERSION = YES;
				CLANG_WARN_OBJC_IMPLICIT_RETAIN_SELF = YES;
				CLANG_WARN_OBJC_LITERAL_CONVERSION = YES;
				CLANG_WARN_OBJC_ROOT_CLASS = YES_ERROR;
				CLANG_WARN_RANGE_LOOP_ANALYSIS = YES;
				CLANG_WARN_STRICT_PROTOTYPES = YES;
				CLANG_WARN_SUSPICIOUS_MOVE = YES;
				CLANG_WARN_UNGUARDED_AVAILABILITY = YES_AGGRESSIVE;
				CLANG_WARN_UNREACHABLE_CODE = YES;
				CLANG_WARN__DUPLICATE_METHOD_MATCH = YES;
				CODE_SIGN_IDENTITY = "iPhone Developer";
				COPY_PHASE_STRIP = NO;
				DEBUG_INFORMATION_FORMAT = dwarf;
				ENABLE_STRICT_OBJC_MSGSEND = YES;
				ENABLE_TESTABILITY = YES;
				GCC_C_LANGUAGE_STANDARD = gnu11;
				GCC_DYNAMIC_NO_PIC = NO;
				GCC_NO_COMMON_BLOCKS = YES;
				GCC_OPTIMIZATION_LEVEL = 0;
				GCC_PREPROCESSOR_DEFINITIONS = (
					"DEBUG=1",
					"$(inherited)",
				);
				GCC_WARN_64_TO_32_BIT_CONVERSION = YES;
				GCC_WARN_ABOUT_RETURN_TYPE = YES_ERROR;
				GCC_WARN_UNDECLARED_SELECTOR = YES;
				GCC_WARN_UNINITIALIZED_AUTOS = YES_AGGRESSIVE;
				GCC_WARN_UNUSED_FUNCTION = YES;
				GCC_WARN_UNUSED_VARIABLE = YES;
				IPHONEOS_DEPLOYMENT_TARGET = 12.4;
				MTL_ENABLE_DEBUG_INFO = INCLUDE_SOURCE;
				MTL_FAST_MATH = YES;
				ONLY_ACTIVE_ARCH = YES;
				SDKROOT = iphoneos;
				SWIFT_ACTIVE_COMPILATION_CONDITIONS = DEBUG;
				SWIFT_OPTIMIZATION_LEVEL = "-Onone";
			};
			name = Debug;
		};
		1918DF36234BEF3700471691 /* Release */ = {
			isa = XCBuildConfiguration;
			buildSettings = {
				ALWAYS_SEARCH_USER_PATHS = NO;
				CLANG_ANALYZER_NONNULL = YES;
				CLANG_ANALYZER_NUMBER_OBJECT_CONVERSION = YES_AGGRESSIVE;
				CLANG_CXX_LANGUAGE_STANDARD = "gnu++14";
				CLANG_CXX_LIBRARY = "libc++";
				CLANG_ENABLE_MODULES = YES;
				CLANG_ENABLE_OBJC_ARC = YES;
				CLANG_ENABLE_OBJC_WEAK = YES;
				CLANG_WARN_BLOCK_CAPTURE_AUTORELEASING = YES;
				CLANG_WARN_BOOL_CONVERSION = YES;
				CLANG_WARN_COMMA = YES;
				CLANG_WARN_CONSTANT_CONVERSION = YES;
				CLANG_WARN_DEPRECATED_OBJC_IMPLEMENTATIONS = YES;
				CLANG_WARN_DIRECT_OBJC_ISA_USAGE = YES_ERROR;
				CLANG_WARN_DOCUMENTATION_COMMENTS = YES;
				CLANG_WARN_EMPTY_BODY = YES;
				CLANG_WARN_ENUM_CONVERSION = YES;
				CLANG_WARN_INFINITE_RECURSION = YES;
				CLANG_WARN_INT_CONVERSION = YES;
				CLANG_WARN_NON_LITERAL_NULL_CONVERSION = YES;
				CLANG_WARN_OBJC_IMPLICIT_RETAIN_SELF = YES;
				CLANG_WARN_OBJC_LITERAL_CONVERSION = YES;
				CLANG_WARN_OBJC_ROOT_CLASS = YES_ERROR;
				CLANG_WARN_RANGE_LOOP_ANALYSIS = YES;
				CLANG_WARN_STRICT_PROTOTYPES = YES;
				CLANG_WARN_SUSPICIOUS_MOVE = YES;
				CLANG_WARN_UNGUARDED_AVAILABILITY = YES_AGGRESSIVE;
				CLANG_WARN_UNREACHABLE_CODE = YES;
				CLANG_WARN__DUPLICATE_METHOD_MATCH = YES;
				CODE_SIGN_IDENTITY = "iPhone Developer";
				COPY_PHASE_STRIP = NO;
				DEBUG_INFORMATION_FORMAT = "dwarf-with-dsym";
				ENABLE_NS_ASSERTIONS = NO;
				ENABLE_STRICT_OBJC_MSGSEND = YES;
				GCC_C_LANGUAGE_STANDARD = gnu11;
				GCC_NO_COMMON_BLOCKS = YES;
				GCC_WARN_64_TO_32_BIT_CONVERSION = YES;
				GCC_WARN_ABOUT_RETURN_TYPE = YES_ERROR;
				GCC_WARN_UNDECLARED_SELECTOR = YES;
				GCC_WARN_UNINITIALIZED_AUTOS = YES_AGGRESSIVE;
				GCC_WARN_UNUSED_FUNCTION = YES;
				GCC_WARN_UNUSED_VARIABLE = YES;
				IPHONEOS_DEPLOYMENT_TARGET = 12.4;
				MTL_ENABLE_DEBUG_INFO = NO;
				MTL_FAST_MATH = YES;
				SDKROOT = iphoneos;
				SWIFT_COMPILATION_MODE = wholemodule;
				SWIFT_OPTIMIZATION_LEVEL = "-O";
				VALIDATE_PRODUCT = YES;
			};
			name = Release;
		};
		1918DF38234BEF3700471691 /* Debug */ = {
			isa = XCBuildConfiguration;
			buildSettings = {
				ASSETCATALOG_COMPILER_APPICON_NAME = AppIcon;
				CODE_SIGN_STYLE = Automatic;
				INFOPLIST_FILE = SimonSays/Info.plist;
				LD_RUNPATH_SEARCH_PATHS = (
					"$(inherited)",
					"@executable_path/Frameworks",
				);
				PRODUCT_BUNDLE_IDENTIFIER = Dev.Labs.SimonSays;
				PRODUCT_NAME = "$(TARGET_NAME)";
				SWIFT_VERSION = 5.0;
				TARGETED_DEVICE_FAMILY = "1,2";
			};
			name = Debug;
		};
		1918DF39234BEF3700471691 /* Release */ = {
			isa = XCBuildConfiguration;
			buildSettings = {
				ASSETCATALOG_COMPILER_APPICON_NAME = AppIcon;
				CODE_SIGN_STYLE = Automatic;
				INFOPLIST_FILE = SimonSays/Info.plist;
				LD_RUNPATH_SEARCH_PATHS = (
					"$(inherited)",
					"@executable_path/Frameworks",
				);
				PRODUCT_BUNDLE_IDENTIFIER = Dev.Labs.SimonSays;
				PRODUCT_NAME = "$(TARGET_NAME)";
				SWIFT_VERSION = 5.0;
				TARGETED_DEVICE_FAMILY = "1,2";
			};
			name = Release;
		};
		1918DF3B234BEF3700471691 /* Debug */ = {
			isa = XCBuildConfiguration;
			buildSettings = {
				ALWAYS_EMBED_SWIFT_STANDARD_LIBRARIES = YES;
				BUNDLE_LOADER = "$(TEST_HOST)";
				CODE_SIGN_STYLE = Automatic;
				INFOPLIST_FILE = SimonSaysTests/Info.plist;
				LD_RUNPATH_SEARCH_PATHS = (
					"$(inherited)",
					"@executable_path/Frameworks",
					"@loader_path/Frameworks",
				);
				PRODUCT_BUNDLE_IDENTIFIER = Dev.Labs.SimonSaysTests;
				PRODUCT_NAME = "$(TARGET_NAME)";
				SWIFT_VERSION = 5.0;
				TARGETED_DEVICE_FAMILY = "1,2";
				TEST_HOST = "$(BUILT_PRODUCTS_DIR)/SimonSays.app/SimonSays";
			};
			name = Debug;
		};
		1918DF3C234BEF3700471691 /* Release */ = {
			isa = XCBuildConfiguration;
			buildSettings = {
				ALWAYS_EMBED_SWIFT_STANDARD_LIBRARIES = YES;
				BUNDLE_LOADER = "$(TEST_HOST)";
				CODE_SIGN_STYLE = Automatic;
				INFOPLIST_FILE = SimonSaysTests/Info.plist;
				LD_RUNPATH_SEARCH_PATHS = (
					"$(inherited)",
					"@executable_path/Frameworks",
					"@loader_path/Frameworks",
				);
				PRODUCT_BUNDLE_IDENTIFIER = Dev.Labs.SimonSaysTests;
				PRODUCT_NAME = "$(TARGET_NAME)";
				SWIFT_VERSION = 5.0;
				TARGETED_DEVICE_FAMILY = "1,2";
				TEST_HOST = "$(BUILT_PRODUCTS_DIR)/SimonSays.app/SimonSays";
			};
			name = Release;
		};
		1918DF3E234BEF3700471691 /* Debug */ = {
			isa = XCBuildConfiguration;
			buildSettings = {
				ALWAYS_EMBED_SWIFT_STANDARD_LIBRARIES = YES;
				CODE_SIGN_STYLE = Automatic;
				INFOPLIST_FILE = SimonSaysUITests/Info.plist;
				LD_RUNPATH_SEARCH_PATHS = (
					"$(inherited)",
					"@executable_path/Frameworks",
					"@loader_path/Frameworks",
				);
				PRODUCT_BUNDLE_IDENTIFIER = Dev.Labs.SimonSaysUITests;
				PRODUCT_NAME = "$(TARGET_NAME)";
				SWIFT_VERSION = 5.0;
				TARGETED_DEVICE_FAMILY = "1,2";
				TEST_TARGET_NAME = SimonSays;
			};
			name = Debug;
		};
		1918DF3F234BEF3700471691 /* Release */ = {
			isa = XCBuildConfiguration;
			buildSettings = {
				ALWAYS_EMBED_SWIFT_STANDARD_LIBRARIES = YES;
				CODE_SIGN_STYLE = Automatic;
				INFOPLIST_FILE = SimonSaysUITests/Info.plist;
				LD_RUNPATH_SEARCH_PATHS = (
					"$(inherited)",
					"@executable_path/Frameworks",
					"@loader_path/Frameworks",
				);
				PRODUCT_BUNDLE_IDENTIFIER = Dev.Labs.SimonSaysUITests;
				PRODUCT_NAME = "$(TARGET_NAME)";
				SWIFT_VERSION = 5.0;
				TARGETED_DEVICE_FAMILY = "1,2";
				TEST_TARGET_NAME = SimonSays;
			};
			name = Release;
		};
/* End XCBuildConfiguration section */

/* Begin XCConfigurationList section */
		1918DF0A234BEF3500471691 /* Build configuration list for PBXProject "SimonSays" */ = {
			isa = XCConfigurationList;
			buildConfigurations = (
				1918DF35234BEF3700471691 /* Debug */,
				1918DF36234BEF3700471691 /* Release */,
			);
			defaultConfigurationIsVisible = 0;
			defaultConfigurationName = Release;
		};
		1918DF37234BEF3700471691 /* Build configuration list for PBXNativeTarget "SimonSays" */ = {
			isa = XCConfigurationList;
			buildConfigurations = (
				1918DF38234BEF3700471691 /* Debug */,
				1918DF39234BEF3700471691 /* Release */,
			);
			defaultConfigurationIsVisible = 0;
			defaultConfigurationName = Release;
		};
		1918DF3A234BEF3700471691 /* Build configuration list for PBXNativeTarget "SimonSaysTests" */ = {
			isa = XCConfigurationList;
			buildConfigurations = (
				1918DF3B234BEF3700471691 /* Debug */,
				1918DF3C234BEF3700471691 /* Release */,
			);
			defaultConfigurationIsVisible = 0;
			defaultConfigurationName = Release;
		};
		1918DF3D234BEF3700471691 /* Build configuration list for PBXNativeTarget "SimonSaysUITests" */ = {
			isa = XCConfigurationList;
			buildConfigurations = (
				1918DF3E234BEF3700471691 /* Debug */,
				1918DF3F234BEF3700471691 /* Release */,
			);
			defaultConfigurationIsVisible = 0;
			defaultConfigurationName = Release;
		};
/* End XCConfigurationList section */
	};
	rootObject = 1918DF07234BEF3500471691 /* Project object */;
}
