// !$*UTF8*$!
{
	archiveVersion = 1;
	classes = {
	};
	objectVersion = 50;
	objects = {

/* Begin PBXBuildFile section */
		191F7FE1233584C100541A68 /* AppDelegate.swift in Sources */ = {isa = PBXBuildFile; fileRef = 191F7FE0233584C100541A68 /* AppDelegate.swift */; };
		191F7FE3233584C100541A68 /* ViewController.swift in Sources */ = {isa = PBXBuildFile; fileRef = 191F7FE2233584C100541A68 /* ViewController.swift */; };
		191F7FE6233584C100541A68 /* Main.storyboard in Resources */ = {isa = PBXBuildFile; fileRef = 191F7FE4233584C100541A68 /* Main.storyboard */; };
		191F7FE8233584C200541A68 /* Assets.xcassets in Resources */ = {isa = PBXBuildFile; fileRef = 191F7FE7233584C200541A68 /* Assets.xcassets */; };
		191F7FEB233584C200541A68 /* LaunchScreen.storyboard in Resources */ = {isa = PBXBuildFile; fileRef = 191F7FE9233584C200541A68 /* LaunchScreen.storyboard */; };
		191F7FF6233584C200541A68 /* ShoppingListTests.swift in Sources */ = {isa = PBXBuildFile; fileRef = 191F7FF5233584C200541A68 /* ShoppingListTests.swift */; };
		191F8001233584C200541A68 /* ShoppingListUITests.swift in Sources */ = {isa = PBXBuildFile; fileRef = 191F8000233584C200541A68 /* ShoppingListUITests.swift */; };
		19812252233C1F2E0019989E /* Data.plist in Resources */ = {isa = PBXBuildFile; fileRef = 19812251233C1F2E0019989E /* Data.plist */; };
		19B5B0CB23397B8D001E7068 /* NewItemViewController.swift in Sources */ = {isa = PBXBuildFile; fileRef = 19B5B0CA23397B8D001E7068 /* NewItemViewController.swift */; };
/* End PBXBuildFile section */

/* Begin PBXContainerItemProxy section */
		191F7FF2233584C200541A68 /* PBXContainerItemProxy */ = {
			isa = PBXContainerItemProxy;
			containerPortal = 191F7FD5233584C100541A68 /* Project object */;
			proxyType = 1;
			remoteGlobalIDString = 191F7FDC233584C100541A68;
			remoteInfo = ShoppingList;
		};
		191F7FFD233584C200541A68 /* PBXContainerItemProxy */ = {
			isa = PBXContainerItemProxy;
			containerPortal = 191F7FD5233584C100541A68 /* Project object */;
			proxyType = 1;
			remoteGlobalIDString = 191F7FDC233584C100541A68;
			remoteInfo = ShoppingList;
		};
/* End PBXContainerItemProxy section */

/* Begin PBXFileReference section */
		191F7FDD233584C100541A68 /* ShoppingList.app */ = {isa = PBXFileReference; explicitFileType = wrapper.application; includeInIndex = 0; path = ShoppingList.app; sourceTree = BUILT_PRODUCTS_DIR; };
		191F7FE0233584C100541A68 /* AppDelegate.swift */ = {isa = PBXFileReference; lastKnownFileType = sourcecode.swift; path = AppDelegate.swift; sourceTree = "<group>"; };
		191F7FE2233584C100541A68 /* ViewController.swift */ = {isa = PBXFileReference; lastKnownFileType = sourcecode.swift; path = ViewController.swift; sourceTree = "<group>"; };
		191F7FE5233584C100541A68 /* Base */ = {isa = PBXFileReference; lastKnownFileType = file.storyboard; name = Base; path = Base.lproj/Main.storyboard; sourceTree = "<group>"; };
		191F7FE7233584C200541A68 /* Assets.xcassets */ = {isa = PBXFileReference; lastKnownFileType = folder.assetcatalog; path = Assets.xcassets; sourceTree = "<group>"; };
		191F7FEA233584C200541A68 /* Base */ = {isa = PBXFileReference; lastKnownFileType = file.storyboard; name = Base; path = Base.lproj/LaunchScreen.storyboard; sourceTree = "<group>"; };
		191F7FEC233584C200541A68 /* Info.plist */ = {isa = PBXFileReference; lastKnownFileType = text.plist.xml; path = Info.plist; sourceTree = "<group>"; };
		191F7FF1233584C200541A68 /* ShoppingListTests.xctest */ = {isa = PBXFileReference; explicitFileType = wrapper.cfbundle; includeInIndex = 0; path = ShoppingListTests.xctest; sourceTree = BUILT_PRODUCTS_DIR; };
		191F7FF5233584C200541A68 /* ShoppingListTests.swift */ = {isa = PBXFileReference; lastKnownFileType = sourcecode.swift; path = ShoppingListTests.swift; sourceTree = "<group>"; };
		191F7FF7233584C200541A68 /* Info.plist */ = {isa = PBXFileReference; lastKnownFileType = text.plist.xml; path = Info.plist; sourceTree = "<group>"; };
		191F7FFC233584C200541A68 /* ShoppingListUITests.xctest */ = {isa = PBXFileReference; explicitFileType = wrapper.cfbundle; includeInIndex = 0; path = ShoppingListUITests.xctest; sourceTree = BUILT_PRODUCTS_DIR; };
		191F8000233584C200541A68 /* ShoppingListUITests.swift */ = {isa = PBXFileReference; lastKnownFileType = sourcecode.swift; path = ShoppingListUITests.swift; sourceTree = "<group>"; };
		191F8002233584C200541A68 /* Info.plist */ = {isa = PBXFileReference; lastKnownFileType = text.plist.xml; path = Info.plist; sourceTree = "<group>"; };
		19812251233C1F2E0019989E /* Data.plist */ = {isa = PBXFileReference; lastKnownFileType = text.plist.xml; path = Data.plist; sourceTree = "<group>"; };
		19B5B0CA23397B8D001E7068 /* NewItemViewController.swift */ = {isa = PBXFileReference; lastKnownFileType = sourcecode.swift; path = NewItemViewController.swift; sourceTree = "<group>"; };
/* End PBXFileReference section */

/* Begin PBXFrameworksBuildPhase section */
		191F7FDA233584C100541A68 /* Frameworks */ = {
			isa = PBXFrameworksBuildPhase;
			buildActionMask = 2147483647;
			files = (
			);
			runOnlyForDeploymentPostprocessing = 0;
		};
		191F7FEE233584C200541A68 /* Frameworks */ = {
			isa = PBXFrameworksBuildPhase;
			buildActionMask = 2147483647;
			files = (
			);
			runOnlyForDeploymentPostprocessing = 0;
		};
		191F7FF9233584C200541A68 /* Frameworks */ = {
			isa = PBXFrameworksBuildPhase;
			buildActionMask = 2147483647;
			files = (
			);
			runOnlyForDeploymentPostprocessing = 0;
		};
/* End PBXFrameworksBuildPhase section */

/* Begin PBXGroup section */
		191F7FD4233584C100541A68 = {
			isa = PBXGroup;
			children = (
				191F7FDF233584C100541A68 /* ShoppingList */,
				191F7FF4233584C200541A68 /* ShoppingListTests */,
				191F7FFF233584C200541A68 /* ShoppingListUITests */,
				191F7FDE233584C100541A68 /* Products */,
			);
			sourceTree = "<group>";
		};
		191F7FDE233584C100541A68 /* Products */ = {
			isa = PBXGroup;
			children = (
				191F7FDD233584C100541A68 /* ShoppingList.app */,
				191F7FF1233584C200541A68 /* ShoppingListTests.xctest */,
				191F7FFC233584C200541A68 /* ShoppingListUITests.xctest */,
			);
			name = Products;
			sourceTree = "<group>";
		};
		191F7FDF233584C100541A68 /* ShoppingList */ = {
			isa = PBXGroup;
			children = (
				191F7FE0233584C100541A68 /* AppDelegate.swift */,
				191F7FE2233584C100541A68 /* ViewController.swift */,
				191F7FE4233584C100541A68 /* Main.storyboard */,
				191F7FE7233584C200541A68 /* Assets.xcassets */,
				191F7FE9233584C200541A68 /* LaunchScreen.storyboard */,
				191F7FEC233584C200541A68 /* Info.plist */,
				19B5B0CA23397B8D001E7068 /* NewItemViewController.swift */,
				19812251233C1F2E0019989E /* Data.plist */,
			);
			path = ShoppingList;
			sourceTree = "<group>";
		};
		191F7FF4233584C200541A68 /* ShoppingListTests */ = {
			isa = PBXGroup;
			children = (
				191F7FF5233584C200541A68 /* ShoppingListTests.swift */,
				191F7FF7233584C200541A68 /* Info.plist */,
			);
			path = ShoppingListTests;
			sourceTree = "<group>";
		};
		191F7FFF233584C200541A68 /* ShoppingListUITests */ = {
			isa = PBXGroup;
			children = (
				191F8000233584C200541A68 /* ShoppingListUITests.swift */,
				191F8002233584C200541A68 /* Info.plist */,
			);
			path = ShoppingListUITests;
			sourceTree = "<group>";
		};
/* End PBXGroup section */

/* Begin PBXNativeTarget section */
		191F7FDC233584C100541A68 /* ShoppingList */ = {
			isa = PBXNativeTarget;
			buildConfigurationList = 191F8005233584C200541A68 /* Build configuration list for PBXNativeTarget "ShoppingList" */;
			buildPhases = (
				191F7FD9233584C100541A68 /* Sources */,
				191F7FDA233584C100541A68 /* Frameworks */,
				191F7FDB233584C100541A68 /* Resources */,
			);
			buildRules = (
			);
			dependencies = (
			);
			name = ShoppingList;
			productName = ShoppingList;
			productReference = 191F7FDD233584C100541A68 /* ShoppingList.app */;
			productType = "com.apple.product-type.application";
		};
		191F7FF0233584C200541A68 /* ShoppingListTests */ = {
			isa = PBXNativeTarget;
			buildConfigurationList = 191F8008233584C200541A68 /* Build configuration list for PBXNativeTarget "ShoppingListTests" */;
			buildPhases = (
				191F7FED233584C200541A68 /* Sources */,
				191F7FEE233584C200541A68 /* Frameworks */,
				191F7FEF233584C200541A68 /* Resources */,
			);
			buildRules = (
			);
			dependencies = (
				191F7FF3233584C200541A68 /* PBXTargetDependency */,
			);
			name = ShoppingListTests;
			productName = ShoppingListTests;
			productReference = 191F7FF1233584C200541A68 /* ShoppingListTests.xctest */;
			productType = "com.apple.product-type.bundle.unit-test";
		};
		191F7FFB233584C200541A68 /* ShoppingListUITests */ = {
			isa = PBXNativeTarget;
			buildConfigurationList = 191F800B233584C200541A68 /* Build configuration list for PBXNativeTarget "ShoppingListUITests" */;
			buildPhases = (
				191F7FF8233584C200541A68 /* Sources */,
				191F7FF9233584C200541A68 /* Frameworks */,
				191F7FFA233584C200541A68 /* Resources */,
			);
			buildRules = (
			);
			dependencies = (
				191F7FFE233584C200541A68 /* PBXTargetDependency */,
			);
			name = ShoppingListUITests;
			productName = ShoppingListUITests;
			productReference = 191F7FFC233584C200541A68 /* ShoppingListUITests.xctest */;
			productType = "com.apple.product-type.bundle.ui-testing";
		};
/* End PBXNativeTarget section */

/* Begin PBXProject section */
		191F7FD5233584C100541A68 /* Project object */ = {
			isa = PBXProject;
			attributes = {
				LastSwiftUpdateCheck = 1030;
				LastUpgradeCheck = 1030;
				ORGANIZATIONNAME = UDLAP19;
				TargetAttributes = {
					191F7FDC233584C100541A68 = {
						CreatedOnToolsVersion = 10.3;
					};
					191F7FF0233584C200541A68 = {
						CreatedOnToolsVersion = 10.3;
						TestTargetID = 191F7FDC233584C100541A68;
					};
					191F7FFB233584C200541A68 = {
						CreatedOnToolsVersion = 10.3;
						TestTargetID = 191F7FDC233584C100541A68;
					};
				};
			};
			buildConfigurationList = 191F7FD8233584C100541A68 /* Build configuration list for PBXProject "ShoppingList" */;
			compatibilityVersion = "Xcode 9.3";
			developmentRegion = en;
			hasScannedForEncodings = 0;
			knownRegions = (
				en,
				Base,
			);
			mainGroup = 191F7FD4233584C100541A68;
			productRefGroup = 191F7FDE233584C100541A68 /* Products */;
			projectDirPath = "";
			projectRoot = "";
			targets = (
				191F7FDC233584C100541A68 /* ShoppingList */,
				191F7FF0233584C200541A68 /* ShoppingListTests */,
				191F7FFB233584C200541A68 /* ShoppingListUITests */,
			);
		};
/* End PBXProject section */

/* Begin PBXResourcesBuildPhase section */
		191F7FDB233584C100541A68 /* Resources */ = {
			isa = PBXResourcesBuildPhase;
			buildActionMask = 2147483647;
			files = (
				191F7FEB233584C200541A68 /* LaunchScreen.storyboard in Resources */,
				191F7FE8233584C200541A68 /* Assets.xcassets in Resources */,
				19812252233C1F2E0019989E /* Data.plist in Resources */,
				191F7FE6233584C100541A68 /* Main.storyboard in Resources */,
			);
			runOnlyForDeploymentPostprocessing = 0;
		};
		191F7FEF233584C200541A68 /* Resources */ = {
			isa = PBXResourcesBuildPhase;
			buildActionMask = 2147483647;
			files = (
			);
			runOnlyForDeploymentPostprocessing = 0;
		};
		191F7FFA233584C200541A68 /* Resources */ = {
			isa = PBXResourcesBuildPhase;
			buildActionMask = 2147483647;
			files = (
			);
			runOnlyForDeploymentPostprocessing = 0;
		};
/* End PBXResourcesBuildPhase section */

/* Begin PBXSourcesBuildPhase section */
		191F7FD9233584C100541A68 /* Sources */ = {
			isa = PBXSourcesBuildPhase;
			buildActionMask = 2147483647;
			files = (
				191F7FE3233584C100541A68 /* ViewController.swift in Sources */,
				191F7FE1233584C100541A68 /* AppDelegate.swift in Sources */,
				19B5B0CB23397B8D001E7068 /* NewItemViewController.swift in Sources */,
			);
			runOnlyForDeploymentPostprocessing = 0;
		};
		191F7FED233584C200541A68 /* Sources */ = {
			isa = PBXSourcesBuildPhase;
			buildActionMask = 2147483647;
			files = (
				191F7FF6233584C200541A68 /* ShoppingListTests.swift in Sources */,
			);
			runOnlyForDeploymentPostprocessing = 0;
		};
		191F7FF8233584C200541A68 /* Sources */ = {
			isa = PBXSourcesBuildPhase;
			buildActionMask = 2147483647;
			files = (
				191F8001233584C200541A68 /* ShoppingListUITests.swift in Sources */,
			);
			runOnlyForDeploymentPostprocessing = 0;
		};
/* End PBXSourcesBuildPhase section */

/* Begin PBXTargetDependency section */
		191F7FF3233584C200541A68 /* PBXTargetDependency */ = {
			isa = PBXTargetDependency;
			target = 191F7FDC233584C100541A68 /* ShoppingList */;
			targetProxy = 191F7FF2233584C200541A68 /* PBXContainerItemProxy */;
		};
		191F7FFE233584C200541A68 /* PBXTargetDependency */ = {
			isa = PBXTargetDependency;
			target = 191F7FDC233584C100541A68 /* ShoppingList */;
			targetProxy = 191F7FFD233584C200541A68 /* PBXContainerItemProxy */;
		};
/* End PBXTargetDependency section */

/* Begin PBXVariantGroup section */
		191F7FE4233584C100541A68 /* Main.storyboard */ = {
			isa = PBXVariantGroup;
			children = (
				191F7FE5233584C100541A68 /* Base */,
			);
			name = Main.storyboard;
			sourceTree = "<group>";
		};
		191F7FE9233584C200541A68 /* LaunchScreen.storyboard */ = {
			isa = PBXVariantGroup;
			children = (
				191F7FEA233584C200541A68 /* Base */,
			);
			name = LaunchScreen.storyboard;
			sourceTree = "<group>";
		};
/* End PBXVariantGroup section */

/* Begin XCBuildConfiguration section */
		191F8003233584C200541A68 /* Debug */ = {
			isa = XCBuildConfiguration;
			buildSettings = {
				ALWAYS_SEARCH_USER_PATHS = NO;
				CLANG_ANALYZER_NONNULL = YES;
				CLANG_ANALYZER_NUMBER_OBJECT_CONVERSION = YES_AGGRESSIVE;
				CLANG_CXX_LANGUAGE_STANDARD = "gnu++14";
				CLANG_CXX_LIBRARY = "libc++";
				CLANG_ENABLE_MODULES = YES;
				CLANG_ENABLE_OBJC_ARC = YES;
				CLANG_ENABLE_OBJC_WEAK = YES;
				CLANG_WARN_BLOCK_CAPTURE_AUTORELEASING = YES;
				CLANG_WARN_BOOL_CONVERSION = YES;
				CLANG_WARN_COMMA = YES;
				CLANG_WARN_CONSTANT_CONVERSION = YES;
				CLANG_WARN_DEPRECATED_OBJC_IMPLEMENTATIONS = YES;
				CLANG_WARN_DIRECT_OBJC_ISA_USAGE = YES_ERROR;
				CLANG_WARN_DOCUMENTATION_COMMENTS = YES;
				CLANG_WARN_EMPTY_BODY = YES;
				CLANG_WARN_ENUM_CONVERSION = YES;
				CLANG_WARN_INFINITE_RECURSION = YES;
				CLANG_WARN_INT_CONVERSION = YES;
				CLANG_WARN_NON_LITERAL_NULL_CONVERSION = YES;
				CLANG_WARN_OBJC_IMPLICIT_RETAIN_SELF = YES;
				CLANG_WARN_OBJC_LITERAL_CONVERSION = YES;
				CLANG_WARN_OBJC_ROOT_CLASS = YES_ERROR;
				CLANG_WARN_RANGE_LOOP_ANALYSIS = YES;
				CLANG_WARN_STRICT_PROTOTYPES = YES;
				CLANG_WARN_SUSPICIOUS_MOVE = YES;
				CLANG_WARN_UNGUARDED_AVAILABILITY = YES_AGGRESSIVE;
				CLANG_WARN_UNREACHABLE_CODE = YES;
				CLANG_WARN__DUPLICATE_METHOD_MATCH = YES;
				CODE_SIGN_IDENTITY = "iPhone Developer";
				COPY_PHASE_STRIP = NO;
				DEBUG_INFORMATION_FORMAT = dwarf;
				ENABLE_STRICT_OBJC_MSGSEND = YES;
				ENABLE_TESTABILITY = YES;
				GCC_C_LANGUAGE_STANDARD = gnu11;
				GCC_DYNAMIC_NO_PIC = NO;
				GCC_NO_COMMON_BLOCKS = YES;
				GCC_OPTIMIZATION_LEVEL = 0;
				GCC_PREPROCESSOR_DEFINITIONS = (
					"DEBUG=1",
					"$(inherited)",
				);
				GCC_WARN_64_TO_32_BIT_CONVERSION = YES;
				GCC_WARN_ABOUT_RETURN_TYPE = YES_ERROR;
				GCC_WARN_UNDECLARED_SELECTOR = YES;
				GCC_WARN_UNINITIALIZED_AUTOS = YES_AGGRESSIVE;
				GCC_WARN_UNUSED_FUNCTION = YES;
				GCC_WARN_UNUSED_VARIABLE = YES;
				IPHONEOS_DEPLOYMENT_TARGET = 12.4;
				MTL_ENABLE_DEBUG_INFO = INCLUDE_SOURCE;
				MTL_FAST_MATH = YES;
				ONLY_ACTIVE_ARCH = YES;
				SDKROOT = iphoneos;
				SWIFT_ACTIVE_COMPILATION_CONDITIONS = DEBUG;
				SWIFT_OPTIMIZATION_LEVEL = "-Onone";
			};
			name = Debug;
		};
		191F8004233584C200541A68 /* Release */ = {
			isa = XCBuildConfiguration;
			buildSettings = {
				ALWAYS_SEARCH_USER_PATHS = NO;
				CLANG_ANALYZER_NONNULL = YES;
				CLANG_ANALYZER_NUMBER_OBJECT_CONVERSION = YES_AGGRESSIVE;
				CLANG_CXX_LANGUAGE_STANDARD = "gnu++14";
				CLANG_CXX_LIBRARY = "libc++";
				CLANG_ENABLE_MODULES = YES;
				CLANG_ENABLE_OBJC_ARC = YES;
				CLANG_ENABLE_OBJC_WEAK = YES;
				CLANG_WARN_BLOCK_CAPTURE_AUTORELEASING = YES;
				CLANG_WARN_BOOL_CONVERSION = YES;
				CLANG_WARN_COMMA = YES;
				CLANG_WARN_CONSTANT_CONVERSION = YES;
				CLANG_WARN_DEPRECATED_OBJC_IMPLEMENTATIONS = YES;
				CLANG_WARN_DIRECT_OBJC_ISA_USAGE = YES_ERROR;
				CLANG_WARN_DOCUMENTATION_COMMENTS = YES;
				CLANG_WARN_EMPTY_BODY = YES;
				CLANG_WARN_ENUM_CONVERSION = YES;
				CLANG_WARN_INFINITE_RECURSION = YES;
				CLANG_WARN_INT_CONVERSION = YES;
				CLANG_WARN_NON_LITERAL_NULL_CONVERSION = YES;
				CLANG_WARN_OBJC_IMPLICIT_RETAIN_SELF = YES;
				CLANG_WARN_OBJC_LITERAL_CONVERSION = YES;
				CLANG_WARN_OBJC_ROOT_CLASS = YES_ERROR;
				CLANG_WARN_RANGE_LOOP_ANALYSIS = YES;
				CLANG_WARN_STRICT_PROTOTYPES = YES;
				CLANG_WARN_SUSPICIOUS_MOVE = YES;
				CLANG_WARN_UNGUARDED_AVAILABILITY = YES_AGGRESSIVE;
				CLANG_WARN_UNREACHABLE_CODE = YES;
				CLANG_WARN__DUPLICATE_METHOD_MATCH = YES;
				CODE_SIGN_IDENTITY = "iPhone Developer";
				COPY_PHASE_STRIP = NO;
				DEBUG_INFORMATION_FORMAT = "dwarf-with-dsym";
				ENABLE_NS_ASSERTIONS = NO;
				ENABLE_STRICT_OBJC_MSGSEND = YES;
				GCC_C_LANGUAGE_STANDARD = gnu11;
				GCC_NO_COMMON_BLOCKS = YES;
				GCC_WARN_64_TO_32_BIT_CONVERSION = YES;
				GCC_WARN_ABOUT_RETURN_TYPE = YES_ERROR;
				GCC_WARN_UNDECLARED_SELECTOR = YES;
				GCC_WARN_UNINITIALIZED_AUTOS = YES_AGGRESSIVE;
				GCC_WARN_UNUSED_FUNCTION = YES;
				GCC_WARN_UNUSED_VARIABLE = YES;
				IPHONEOS_DEPLOYMENT_TARGET = 12.4;
				MTL_ENABLE_DEBUG_INFO = NO;
				MTL_FAST_MATH = YES;
				SDKROOT = iphoneos;
				SWIFT_COMPILATION_MODE = wholemodule;
				SWIFT_OPTIMIZATION_LEVEL = "-O";
				VALIDATE_PRODUCT = YES;
			};
			name = Release;
		};
		191F8006233584C200541A68 /* Debug */ = {
			isa = XCBuildConfiguration;
			buildSettings = {
				ASSETCATALOG_COMPILER_APPICON_NAME = AppIcon;
				CODE_SIGN_STYLE = Automatic;
				INFOPLIST_FILE = ShoppingList/Info.plist;
				LD_RUNPATH_SEARCH_PATHS = (
					"$(inherited)",
					"@executable_path/Frameworks",
				);
				PRODUCT_BUNDLE_IDENTIFIER = mx.udlap.157068.ShoppingList;
				PRODUCT_NAME = "$(TARGET_NAME)";
				SWIFT_VERSION = 5.0;
				TARGETED_DEVICE_FAMILY = "1,2";
			};
			name = Debug;
		};
		191F8007233584C200541A68 /* Release */ = {
			isa = XCBuildConfiguration;
			buildSettings = {
				ASSETCATALOG_COMPILER_APPICON_NAME = AppIcon;
				CODE_SIGN_STYLE = Automatic;
				INFOPLIST_FILE = ShoppingList/Info.plist;
				LD_RUNPATH_SEARCH_PATHS = (
					"$(inherited)",
					"@executable_path/Frameworks",
				);
				PRODUCT_BUNDLE_IDENTIFIER = mx.udlap.157068.ShoppingList;
				PRODUCT_NAME = "$(TARGET_NAME)";
				SWIFT_VERSION = 5.0;
				TARGETED_DEVICE_FAMILY = "1,2";
			};
			name = Release;
		};
		191F8009233584C200541A68 /* Debug */ = {
			isa = XCBuildConfiguration;
			buildSettings = {
				ALWAYS_EMBED_SWIFT_STANDARD_LIBRARIES = YES;
				BUNDLE_LOADER = "$(TEST_HOST)";
				CODE_SIGN_STYLE = Automatic;
				INFOPLIST_FILE = ShoppingListTests/Info.plist;
				LD_RUNPATH_SEARCH_PATHS = (
					"$(inherited)",
					"@executable_path/Frameworks",
					"@loader_path/Frameworks",
				);
				PRODUCT_BUNDLE_IDENTIFIER = mx.udlap.157068.ShoppingListTests;
				PRODUCT_NAME = "$(TARGET_NAME)";
				SWIFT_VERSION = 5.0;
				TARGETED_DEVICE_FAMILY = "1,2";
				TEST_HOST = "$(BUILT_PRODUCTS_DIR)/ShoppingList.app/ShoppingList";
			};
			name = Debug;
		};
		191F800A233584C200541A68 /* Release */ = {
			isa = XCBuildConfiguration;
			buildSettings = {
				ALWAYS_EMBED_SWIFT_STANDARD_LIBRARIES = YES;
				BUNDLE_LOADER = "$(TEST_HOST)";
				CODE_SIGN_STYLE = Automatic;
				INFOPLIST_FILE = ShoppingListTests/Info.plist;
				LD_RUNPATH_SEARCH_PATHS = (
					"$(inherited)",
					"@executable_path/Frameworks",
					"@loader_path/Frameworks",
				);
				PRODUCT_BUNDLE_IDENTIFIER = mx.udlap.157068.ShoppingListTests;
				PRODUCT_NAME = "$(TARGET_NAME)";
				SWIFT_VERSION = 5.0;
				TARGETED_DEVICE_FAMILY = "1,2";
				TEST_HOST = "$(BUILT_PRODUCTS_DIR)/ShoppingList.app/ShoppingList";
			};
			name = Release;
		};
		191F800C233584C200541A68 /* Debug */ = {
			isa = XCBuildConfiguration;
			buildSettings = {
				ALWAYS_EMBED_SWIFT_STANDARD_LIBRARIES = YES;
				CODE_SIGN_STYLE = Automatic;
				INFOPLIST_FILE = ShoppingListUITests/Info.plist;
				LD_RUNPATH_SEARCH_PATHS = (
					"$(inherited)",
					"@executable_path/Frameworks",
					"@loader_path/Frameworks",
				);
				PRODUCT_BUNDLE_IDENTIFIER = mx.udlap.157068.ShoppingListUITests;
				PRODUCT_NAME = "$(TARGET_NAME)";
				SWIFT_VERSION = 5.0;
				TARGETED_DEVICE_FAMILY = "1,2";
				TEST_TARGET_NAME = ShoppingList;
			};
			name = Debug;
		};
		191F800D233584C200541A68 /* Release */ = {
			isa = XCBuildConfiguration;
			buildSettings = {
				ALWAYS_EMBED_SWIFT_STANDARD_LIBRARIES = YES;
				CODE_SIGN_STYLE = Automatic;
				INFOPLIST_FILE = ShoppingListUITests/Info.plist;
				LD_RUNPATH_SEARCH_PATHS = (
					"$(inherited)",
					"@executable_path/Frameworks",
					"@loader_path/Frameworks",
				);
				PRODUCT_BUNDLE_IDENTIFIER = mx.udlap.157068.ShoppingListUITests;
				PRODUCT_NAME = "$(TARGET_NAME)";
				SWIFT_VERSION = 5.0;
				TARGETED_DEVICE_FAMILY = "1,2";
				TEST_TARGET_NAME = ShoppingList;
			};
			name = Release;
		};
/* End XCBuildConfiguration section */

/* Begin XCConfigurationList section */
		191F7FD8233584C100541A68 /* Build configuration list for PBXProject "ShoppingList" */ = {
			isa = XCConfigurationList;
			buildConfigurations = (
				191F8003233584C200541A68 /* Debug */,
				191F8004233584C200541A68 /* Release */,
			);
			defaultConfigurationIsVisible = 0;
			defaultConfigurationName = Release;
		};
		191F8005233584C200541A68 /* Build configuration list for PBXNativeTarget "ShoppingList" */ = {
			isa = XCConfigurationList;
			buildConfigurations = (
				191F8006233584C200541A68 /* Debug */,
				191F8007233584C200541A68 /* Release */,
			);
			defaultConfigurationIsVisible = 0;
			defaultConfigurationName = Release;
		};
		191F8008233584C200541A68 /* Build configuration list for PBXNativeTarget "ShoppingListTests" */ = {
			isa = XCConfigurationList;
			buildConfigurations = (
				191F8009233584C200541A68 /* Debug */,
				191F800A233584C200541A68 /* Release */,
			);
			defaultConfigurationIsVisible = 0;
			defaultConfigurationName = Release;
		};
		191F800B233584C200541A68 /* Build configuration list for PBXNativeTarget "ShoppingListUITests" */ = {
			isa = XCConfigurationList;
			buildConfigurations = (
				191F800C233584C200541A68 /* Debug */,
				191F800D233584C200541A68 /* Release */,
			);
			defaultConfigurationIsVisible = 0;
			defaultConfigurationName = Release;
		};
/* End XCConfigurationList section */
	};
	rootObject = 191F7FD5233584C100541A68 /* Project object */;
}
