// !$*UTF8*$!
{
	archiveVersion = 1;
	classes = {
	};
	objectVersion = 50;
	objects = {

/* Begin PBXBuildFile section */
		1919BF32230766AD009E71C1 /* AppDelegate.swift in Sources */ = {isa = PBXBuildFile; fileRef = 1919BF31230766AD009E71C1 /* AppDelegate.swift */; };
		1919BF34230766AD009E71C1 /* ViewController.swift in Sources */ = {isa = PBXBuildFile; fileRef = 1919BF33230766AD009E71C1 /* ViewController.swift */; };
		1919BF37230766AD009E71C1 /* Main.storyboard in Resources */ = {isa = PBXBuildFile; fileRef = 1919BF35230766AD009E71C1 /* Main.storyboard */; };
		1919BF39230766AE009E71C1 /* Assets.xcassets in Resources */ = {isa = PBXBuildFile; fileRef = 1919BF38230766AE009E71C1 /* Assets.xcassets */; };
		1919BF3C230766AE009E71C1 /* LaunchScreen.storyboard in Resources */ = {isa = PBXBuildFile; fileRef = 1919BF3A230766AE009E71C1 /* LaunchScreen.storyboard */; };
		1919BF47230766AE009E71C1 /* Estonia_FlagTests.swift in Sources */ = {isa = PBXBuildFile; fileRef = 1919BF46230766AE009E71C1 /* Estonia_FlagTests.swift */; };
		1919BF52230766AE009E71C1 /* Estonia_FlagUITests.swift in Sources */ = {isa = PBXBuildFile; fileRef = 1919BF51230766AE009E71C1 /* Estonia_FlagUITests.swift */; };
/* End PBXBuildFile section */

/* Begin PBXContainerItemProxy section */
		1919BF43230766AE009E71C1 /* PBXContainerItemProxy */ = {
			isa = PBXContainerItemProxy;
			containerPortal = 1919BF26230766AD009E71C1 /* Project object */;
			proxyType = 1;
			remoteGlobalIDString = 1919BF2D230766AD009E71C1;
			remoteInfo = Estonia_Flag;
		};
		1919BF4E230766AE009E71C1 /* PBXContainerItemProxy */ = {
			isa = PBXContainerItemProxy;
			containerPortal = 1919BF26230766AD009E71C1 /* Project object */;
			proxyType = 1;
			remoteGlobalIDString = 1919BF2D230766AD009E71C1;
			remoteInfo = Estonia_Flag;
		};
/* End PBXContainerItemProxy section */

/* Begin PBXFileReference section */
		1919BF2E230766AD009E71C1 /* Estonia_Flag.app */ = {isa = PBXFileReference; explicitFileType = wrapper.application; includeInIndex = 0; path = Estonia_Flag.app; sourceTree = BUILT_PRODUCTS_DIR; };
		1919BF31230766AD009E71C1 /* AppDelegate.swift */ = {isa = PBXFileReference; lastKnownFileType = sourcecode.swift; path = AppDelegate.swift; sourceTree = "<group>"; };
		1919BF33230766AD009E71C1 /* ViewController.swift */ = {isa = PBXFileReference; lastKnownFileType = sourcecode.swift; path = ViewController.swift; sourceTree = "<group>"; };
		1919BF36230766AD009E71C1 /* Base */ = {isa = PBXFileReference; lastKnownFileType = file.storyboard; name = Base; path = Base.lproj/Main.storyboard; sourceTree = "<group>"; };
		1919BF38230766AE009E71C1 /* Assets.xcassets */ = {isa = PBXFileReference; lastKnownFileType = folder.assetcatalog; path = Assets.xcassets; sourceTree = "<group>"; };
		1919BF3B230766AE009E71C1 /* Base */ = {isa = PBXFileReference; lastKnownFileType = file.storyboard; name = Base; path = Base.lproj/LaunchScreen.storyboard; sourceTree = "<group>"; };
		1919BF3D230766AE009E71C1 /* Info.plist */ = {isa = PBXFileReference; lastKnownFileType = text.plist.xml; path = Info.plist; sourceTree = "<group>"; };
		1919BF42230766AE009E71C1 /* Estonia_FlagTests.xctest */ = {isa = PBXFileReference; explicitFileType = wrapper.cfbundle; includeInIndex = 0; path = Estonia_FlagTests.xctest; sourceTree = BUILT_PRODUCTS_DIR; };
		1919BF46230766AE009E71C1 /* Estonia_FlagTests.swift */ = {isa = PBXFileReference; lastKnownFileType = sourcecode.swift; path = Estonia_FlagTests.swift; sourceTree = "<group>"; };
		1919BF48230766AE009E71C1 /* Info.plist */ = {isa = PBXFileReference; lastKnownFileType = text.plist.xml; path = Info.plist; sourceTree = "<group>"; };
		1919BF4D230766AE009E71C1 /* Estonia_FlagUITests.xctest */ = {isa = PBXFileReference; explicitFileType = wrapper.cfbundle; includeInIndex = 0; path = Estonia_FlagUITests.xctest; sourceTree = BUILT_PRODUCTS_DIR; };
		1919BF51230766AE009E71C1 /* Estonia_FlagUITests.swift */ = {isa = PBXFileReference; lastKnownFileType = sourcecode.swift; path = Estonia_FlagUITests.swift; sourceTree = "<group>"; };
		1919BF53230766AE009E71C1 /* Info.plist */ = {isa = PBXFileReference; lastKnownFileType = text.plist.xml; path = Info.plist; sourceTree = "<group>"; };
/* End PBXFileReference section */

/* Begin PBXFrameworksBuildPhase section */
		1919BF2B230766AD009E71C1 /* Frameworks */ = {
			isa = PBXFrameworksBuildPhase;
			buildActionMask = 2147483647;
			files = (
			);
			runOnlyForDeploymentPostprocessing = 0;
		};
		1919BF3F230766AE009E71C1 /* Frameworks */ = {
			isa = PBXFrameworksBuildPhase;
			buildActionMask = 2147483647;
			files = (
			);
			runOnlyForDeploymentPostprocessing = 0;
		};
		1919BF4A230766AE009E71C1 /* Frameworks */ = {
			isa = PBXFrameworksBuildPhase;
			buildActionMask = 2147483647;
			files = (
			);
			runOnlyForDeploymentPostprocessing = 0;
		};
/* End PBXFrameworksBuildPhase section */

/* Begin PBXGroup section */
		1919BF25230766AD009E71C1 = {
			isa = PBXGroup;
			children = (
				1919BF30230766AD009E71C1 /* Estonia_Flag */,
				1919BF45230766AE009E71C1 /* Estonia_FlagTests */,
				1919BF50230766AE009E71C1 /* Estonia_FlagUITests */,
				1919BF2F230766AD009E71C1 /* Products */,
			);
			sourceTree = "<group>";
		};
		1919BF2F230766AD009E71C1 /* Products */ = {
			isa = PBXGroup;
			children = (
				1919BF2E230766AD009E71C1 /* Estonia_Flag.app */,
				1919BF42230766AE009E71C1 /* Estonia_FlagTests.xctest */,
				1919BF4D230766AE009E71C1 /* Estonia_FlagUITests.xctest */,
			);
			name = Products;
			sourceTree = "<group>";
		};
		1919BF30230766AD009E71C1 /* Estonia_Flag */ = {
			isa = PBXGroup;
			children = (
				1919BF31230766AD009E71C1 /* AppDelegate.swift */,
				1919BF33230766AD009E71C1 /* ViewController.swift */,
				1919BF35230766AD009E71C1 /* Main.storyboard */,
				1919BF38230766AE009E71C1 /* Assets.xcassets */,
				1919BF3A230766AE009E71C1 /* LaunchScreen.storyboard */,
				1919BF3D230766AE009E71C1 /* Info.plist */,
			);
			path = Estonia_Flag;
			sourceTree = "<group>";
		};
		1919BF45230766AE009E71C1 /* Estonia_FlagTests */ = {
			isa = PBXGroup;
			children = (
				1919BF46230766AE009E71C1 /* Estonia_FlagTests.swift */,
				1919BF48230766AE009E71C1 /* Info.plist */,
			);
			path = Estonia_FlagTests;
			sourceTree = "<group>";
		};
		1919BF50230766AE009E71C1 /* Estonia_FlagUITests */ = {
			isa = PBXGroup;
			children = (
				1919BF51230766AE009E71C1 /* Estonia_FlagUITests.swift */,
				1919BF53230766AE009E71C1 /* Info.plist */,
			);
			path = Estonia_FlagUITests;
			sourceTree = "<group>";
		};
/* End PBXGroup section */

/* Begin PBXNativeTarget section */
		1919BF2D230766AD009E71C1 /* Estonia_Flag */ = {
			isa = PBXNativeTarget;
			buildConfigurationList = 1919BF56230766AE009E71C1 /* Build configuration list for PBXNativeTarget "Estonia_Flag" */;
			buildPhases = (
				1919BF2A230766AD009E71C1 /* Sources */,
				1919BF2B230766AD009E71C1 /* Frameworks */,
				1919BF2C230766AD009E71C1 /* Resources */,
			);
			buildRules = (
			);
			dependencies = (
			);
			name = Estonia_Flag;
			productName = Estonia_Flag;
			productReference = 1919BF2E230766AD009E71C1 /* Estonia_Flag.app */;
			productType = "com.apple.product-type.application";
		};
		1919BF41230766AE009E71C1 /* Estonia_FlagTests */ = {
			isa = PBXNativeTarget;
			buildConfigurationList = 1919BF59230766AE009E71C1 /* Build configuration list for PBXNativeTarget "Estonia_FlagTests" */;
			buildPhases = (
				1919BF3E230766AE009E71C1 /* Sources */,
				1919BF3F230766AE009E71C1 /* Frameworks */,
				1919BF40230766AE009E71C1 /* Resources */,
			);
			buildRules = (
			);
			dependencies = (
				1919BF44230766AE009E71C1 /* PBXTargetDependency */,
			);
			name = Estonia_FlagTests;
			productName = Estonia_FlagTests;
			productReference = 1919BF42230766AE009E71C1 /* Estonia_FlagTests.xctest */;
			productType = "com.apple.product-type.bundle.unit-test";
		};
		1919BF4C230766AE009E71C1 /* Estonia_FlagUITests */ = {
			isa = PBXNativeTarget;
			buildConfigurationList = 1919BF5C230766AE009E71C1 /* Build configuration list for PBXNativeTarget "Estonia_FlagUITests" */;
			buildPhases = (
				1919BF49230766AE009E71C1 /* Sources */,
				1919BF4A230766AE009E71C1 /* Frameworks */,
				1919BF4B230766AE009E71C1 /* Resources */,
			);
			buildRules = (
			);
			dependencies = (
				1919BF4F230766AE009E71C1 /* PBXTargetDependency */,
			);
			name = Estonia_FlagUITests;
			productName = Estonia_FlagUITests;
			productReference = 1919BF4D230766AE009E71C1 /* Estonia_FlagUITests.xctest */;
			productType = "com.apple.product-type.bundle.ui-testing";
		};
/* End PBXNativeTarget section */

/* Begin PBXProject section */
		1919BF26230766AD009E71C1 /* Project object */ = {
			isa = PBXProject;
			attributes = {
				LastSwiftUpdateCheck = 1030;
				LastUpgradeCheck = 1030;
				ORGANIZATIONNAME = UDLAP19;
				TargetAttributes = {
					1919BF2D230766AD009E71C1 = {
						CreatedOnToolsVersion = 10.3;
					};
					1919BF41230766AE009E71C1 = {
						CreatedOnToolsVersion = 10.3;
						TestTargetID = 1919BF2D230766AD009E71C1;
					};
					1919BF4C230766AE009E71C1 = {
						CreatedOnToolsVersion = 10.3;
						TestTargetID = 1919BF2D230766AD009E71C1;
					};
				};
			};
			buildConfigurationList = 1919BF29230766AD009E71C1 /* Build configuration list for PBXProject "Estonia_Flag" */;
			compatibilityVersion = "Xcode 9.3";
			developmentRegion = en;
			hasScannedForEncodings = 0;
			knownRegions = (
				en,
				Base,
			);
			mainGroup = 1919BF25230766AD009E71C1;
			productRefGroup = 1919BF2F230766AD009E71C1 /* Products */;
			projectDirPath = "";
			projectRoot = "";
			targets = (
				1919BF2D230766AD009E71C1 /* Estonia_Flag */,
				1919BF41230766AE009E71C1 /* Estonia_FlagTests */,
				1919BF4C230766AE009E71C1 /* Estonia_FlagUITests */,
			);
		};
/* End PBXProject section */

/* Begin PBXResourcesBuildPhase section */
		1919BF2C230766AD009E71C1 /* Resources */ = {
			isa = PBXResourcesBuildPhase;
			buildActionMask = 2147483647;
			files = (
				1919BF3C230766AE009E71C1 /* LaunchScreen.storyboard in Resources */,
				1919BF39230766AE009E71C1 /* Assets.xcassets in Resources */,
				1919BF37230766AD009E71C1 /* Main.storyboard in Resources */,
			);
			runOnlyForDeploymentPostprocessing = 0;
		};
		1919BF40230766AE009E71C1 /* Resources */ = {
			isa = PBXResourcesBuildPhase;
			buildActionMask = 2147483647;
			files = (
			);
			runOnlyForDeploymentPostprocessing = 0;
		};
		1919BF4B230766AE009E71C1 /* Resources */ = {
			isa = PBXResourcesBuildPhase;
			buildActionMask = 2147483647;
			files = (
			);
			runOnlyForDeploymentPostprocessing = 0;
		};
/* End PBXResourcesBuildPhase section */

/* Begin PBXSourcesBuildPhase section */
		1919BF2A230766AD009E71C1 /* Sources */ = {
			isa = PBXSourcesBuildPhase;
			buildActionMask = 2147483647;
			files = (
				1919BF34230766AD009E71C1 /* ViewController.swift in Sources */,
				1919BF32230766AD009E71C1 /* AppDelegate.swift in Sources */,
			);
			runOnlyForDeploymentPostprocessing = 0;
		};
		1919BF3E230766AE009E71C1 /* Sources */ = {
			isa = PBXSourcesBuildPhase;
			buildActionMask = 2147483647;
			files = (
				1919BF47230766AE009E71C1 /* Estonia_FlagTests.swift in Sources */,
			);
			runOnlyForDeploymentPostprocessing = 0;
		};
		1919BF49230766AE009E71C1 /* Sources */ = {
			isa = PBXSourcesBuildPhase;
			buildActionMask = 2147483647;
			files = (
				1919BF52230766AE009E71C1 /* Estonia_FlagUITests.swift in Sources */,
			);
			runOnlyForDeploymentPostprocessing = 0;
		};
/* End PBXSourcesBuildPhase section */

/* Begin PBXTargetDependency section */
		1919BF44230766AE009E71C1 /* PBXTargetDependency */ = {
			isa = PBXTargetDependency;
			target = 1919BF2D230766AD009E71C1 /* Estonia_Flag */;
			targetProxy = 1919BF43230766AE009E71C1 /* PBXContainerItemProxy */;
		};
		1919BF4F230766AE009E71C1 /* PBXTargetDependency */ = {
			isa = PBXTargetDependency;
			target = 1919BF2D230766AD009E71C1 /* Estonia_Flag */;
			targetProxy = 1919BF4E230766AE009E71C1 /* PBXContainerItemProxy */;
		};
/* End PBXTargetDependency section */

/* Begin PBXVariantGroup section */
		1919BF35230766AD009E71C1 /* Main.storyboard */ = {
			isa = PBXVariantGroup;
			children = (
				1919BF36230766AD009E71C1 /* Base */,
			);
			name = Main.storyboard;
			sourceTree = "<group>";
		};
		1919BF3A230766AE009E71C1 /* LaunchScreen.storyboard */ = {
			isa = PBXVariantGroup;
			children = (
				1919BF3B230766AE009E71C1 /* Base */,
			);
			name = LaunchScreen.storyboard;
			sourceTree = "<group>";
		};
/* End PBXVariantGroup section */

/* Begin XCBuildConfiguration section */
		1919BF54230766AE009E71C1 /* Debug */ = {
			isa = XCBuildConfiguration;
			buildSettings = {
				ALWAYS_SEARCH_USER_PATHS = NO;
				CLANG_ANALYZER_NONNULL = YES;
				CLANG_ANALYZER_NUMBER_OBJECT_CONVERSION = YES_AGGRESSIVE;
				CLANG_CXX_LANGUAGE_STANDARD = "gnu++14";
				CLANG_CXX_LIBRARY = "libc++";
				CLANG_ENABLE_MODULES = YES;
				CLANG_ENABLE_OBJC_ARC = YES;
				CLANG_ENABLE_OBJC_WEAK = YES;
				CLANG_WARN_BLOCK_CAPTURE_AUTORELEASING = YES;
				CLANG_WARN_BOOL_CONVERSION = YES;
				CLANG_WARN_COMMA = YES;
				CLANG_WARN_CONSTANT_CONVERSION = YES;
				CLANG_WARN_DEPRECATED_OBJC_IMPLEMENTATIONS = YES;
				CLANG_WARN_DIRECT_OBJC_ISA_USAGE = YES_ERROR;
				CLANG_WARN_DOCUMENTATION_COMMENTS = YES;
				CLANG_WARN_EMPTY_BODY = YES;
				CLANG_WARN_ENUM_CONVERSION = YES;
				CLANG_WARN_INFINITE_RECURSION = YES;
				CLANG_WARN_INT_CONVERSION = YES;
				CLANG_WARN_NON_LITERAL_NULL_CONVERSION = YES;
				CLANG_WARN_OBJC_IMPLICIT_RETAIN_SELF = YES;
				CLANG_WARN_OBJC_LITERAL_CONVERSION = YES;
				CLANG_WARN_OBJC_ROOT_CLASS = YES_ERROR;
				CLANG_WARN_RANGE_LOOP_ANALYSIS = YES;
				CLANG_WARN_STRICT_PROTOTYPES = YES;
				CLANG_WARN_SUSPICIOUS_MOVE = YES;
				CLANG_WARN_UNGUARDED_AVAILABILITY = YES_AGGRESSIVE;
				CLANG_WARN_UNREACHABLE_CODE = YES;
				CLANG_WARN__DUPLICATE_METHOD_MATCH = YES;
				CODE_SIGN_IDENTITY = "iPhone Developer";
				COPY_PHASE_STRIP = NO;
				DEBUG_INFORMATION_FORMAT = dwarf;
				ENABLE_STRICT_OBJC_MSGSEND = YES;
				ENABLE_TESTABILITY = YES;
				GCC_C_LANGUAGE_STANDARD = gnu11;
				GCC_DYNAMIC_NO_PIC = NO;
				GCC_NO_COMMON_BLOCKS = YES;
				GCC_OPTIMIZATION_LEVEL = 0;
				GCC_PREPROCESSOR_DEFINITIONS = (
					"DEBUG=1",
					"$(inherited)",
				);
				GCC_WARN_64_TO_32_BIT_CONVERSION = YES;
				GCC_WARN_ABOUT_RETURN_TYPE = YES_ERROR;
				GCC_WARN_UNDECLARED_SELECTOR = YES;
				GCC_WARN_UNINITIALIZED_AUTOS = YES_AGGRESSIVE;
				GCC_WARN_UNUSED_FUNCTION = YES;
				GCC_WARN_UNUSED_VARIABLE = YES;
				IPHONEOS_DEPLOYMENT_TARGET = 12.4;
				MTL_ENABLE_DEBUG_INFO = INCLUDE_SOURCE;
				MTL_FAST_MATH = YES;
				ONLY_ACTIVE_ARCH = YES;
				SDKROOT = iphoneos;
				SWIFT_ACTIVE_COMPILATION_CONDITIONS = DEBUG;
				SWIFT_OPTIMIZATION_LEVEL = "-Onone";
			};
			name = Debug;
		};
		1919BF55230766AE009E71C1 /* Release */ = {
			isa = XCBuildConfiguration;
			buildSettings = {
				ALWAYS_SEARCH_USER_PATHS = NO;
				CLANG_ANALYZER_NONNULL = YES;
				CLANG_ANALYZER_NUMBER_OBJECT_CONVERSION = YES_AGGRESSIVE;
				CLANG_CXX_LANGUAGE_STANDARD = "gnu++14";
				CLANG_CXX_LIBRARY = "libc++";
				CLANG_ENABLE_MODULES = YES;
				CLANG_ENABLE_OBJC_ARC = YES;
				CLANG_ENABLE_OBJC_WEAK = YES;
				CLANG_WARN_BLOCK_CAPTURE_AUTORELEASING = YES;
				CLANG_WARN_BOOL_CONVERSION = YES;
				CLANG_WARN_COMMA = YES;
				CLANG_WARN_CONSTANT_CONVERSION = YES;
				CLANG_WARN_DEPRECATED_OBJC_IMPLEMENTATIONS = YES;
				CLANG_WARN_DIRECT_OBJC_ISA_USAGE = YES_ERROR;
				CLANG_WARN_DOCUMENTATION_COMMENTS = YES;
				CLANG_WARN_EMPTY_BODY = YES;
				CLANG_WARN_ENUM_CONVERSION = YES;
				CLANG_WARN_INFINITE_RECURSION = YES;
				CLANG_WARN_INT_CONVERSION = YES;
				CLANG_WARN_NON_LITERAL_NULL_CONVERSION = YES;
				CLANG_WARN_OBJC_IMPLICIT_RETAIN_SELF = YES;
				CLANG_WARN_OBJC_LITERAL_CONVERSION = YES;
				CLANG_WARN_OBJC_ROOT_CLASS = YES_ERROR;
				CLANG_WARN_RANGE_LOOP_ANALYSIS = YES;
				CLANG_WARN_STRICT_PROTOTYPES = YES;
				CLANG_WARN_SUSPICIOUS_MOVE = YES;
				CLANG_WARN_UNGUARDED_AVAILABILITY = YES_AGGRESSIVE;
				CLANG_WARN_UNREACHABLE_CODE = YES;
				CLANG_WARN__DUPLICATE_METHOD_MATCH = YES;
				CODE_SIGN_IDENTITY = "iPhone Developer";
				COPY_PHASE_STRIP = NO;
				DEBUG_INFORMATION_FORMAT = "dwarf-with-dsym";
				ENABLE_NS_ASSERTIONS = NO;
				ENABLE_STRICT_OBJC_MSGSEND = YES;
				GCC_C_LANGUAGE_STANDARD = gnu11;
				GCC_NO_COMMON_BLOCKS = YES;
				GCC_WARN_64_TO_32_BIT_CONVERSION = YES;
				GCC_WARN_ABOUT_RETURN_TYPE = YES_ERROR;
				GCC_WARN_UNDECLARED_SELECTOR = YES;
				GCC_WARN_UNINITIALIZED_AUTOS = YES_AGGRESSIVE;
				GCC_WARN_UNUSED_FUNCTION = YES;
				GCC_WARN_UNUSED_VARIABLE = YES;
				IPHONEOS_DEPLOYMENT_TARGET = 12.4;
				MTL_ENABLE_DEBUG_INFO = NO;
				MTL_FAST_MATH = YES;
				SDKROOT = iphoneos;
				SWIFT_COMPILATION_MODE = wholemodule;
				SWIFT_OPTIMIZATION_LEVEL = "-O";
				VALIDATE_PRODUCT = YES;
			};
			name = Release;
		};
		1919BF57230766AE009E71C1 /* Debug */ = {
			isa = XCBuildConfiguration;
			buildSettings = {
				ASSETCATALOG_COMPILER_APPICON_NAME = AppIcon;
				CODE_SIGN_STYLE = Automatic;
				INFOPLIST_FILE = Estonia_Flag/Info.plist;
				LD_RUNPATH_SEARCH_PATHS = (
					"$(inherited)",
					"@executable_path/Frameworks",
				);
				PRODUCT_BUNDLE_IDENTIFIER = "mx.udlap.157068.Estonia-Flag";
				PRODUCT_NAME = "$(TARGET_NAME)";
				SWIFT_VERSION = 5.0;
				TARGETED_DEVICE_FAMILY = "1,2";
			};
			name = Debug;
		};
		1919BF58230766AE009E71C1 /* Release */ = {
			isa = XCBuildConfiguration;
			buildSettings = {
				ASSETCATALOG_COMPILER_APPICON_NAME = AppIcon;
				CODE_SIGN_STYLE = Automatic;
				INFOPLIST_FILE = Estonia_Flag/Info.plist;
				LD_RUNPATH_SEARCH_PATHS = (
					"$(inherited)",
					"@executable_path/Frameworks",
				);
				PRODUCT_BUNDLE_IDENTIFIER = "mx.udlap.157068.Estonia-Flag";
				PRODUCT_NAME = "$(TARGET_NAME)";
				SWIFT_VERSION = 5.0;
				TARGETED_DEVICE_FAMILY = "1,2";
			};
			name = Release;
		};
		1919BF5A230766AE009E71C1 /* Debug */ = {
			isa = XCBuildConfiguration;
			buildSettings = {
				ALWAYS_EMBED_SWIFT_STANDARD_LIBRARIES = YES;
				BUNDLE_LOADER = "$(TEST_HOST)";
				CODE_SIGN_STYLE = Automatic;
				INFOPLIST_FILE = Estonia_FlagTests/Info.plist;
				LD_RUNPATH_SEARCH_PATHS = (
					"$(inherited)",
					"@executable_path/Frameworks",
					"@loader_path/Frameworks",
				);
				PRODUCT_BUNDLE_IDENTIFIER = "mx.udlap.157068.Estonia-FlagTests";
				PRODUCT_NAME = "$(TARGET_NAME)";
				SWIFT_VERSION = 5.0;
				TARGETED_DEVICE_FAMILY = "1,2";
				TEST_HOST = "$(BUILT_PRODUCTS_DIR)/Estonia_Flag.app/Estonia_Flag";
			};
			name = Debug;
		};
		1919BF5B230766AE009E71C1 /* Release */ = {
			isa = XCBuildConfiguration;
			buildSettings = {
				ALWAYS_EMBED_SWIFT_STANDARD_LIBRARIES = YES;
				BUNDLE_LOADER = "$(TEST_HOST)";
				CODE_SIGN_STYLE = Automatic;
				INFOPLIST_FILE = Estonia_FlagTests/Info.plist;
				LD_RUNPATH_SEARCH_PATHS = (
					"$(inherited)",
					"@executable_path/Frameworks",
					"@loader_path/Frameworks",
				);
				PRODUCT_BUNDLE_IDENTIFIER = "mx.udlap.157068.Estonia-FlagTests";
				PRODUCT_NAME = "$(TARGET_NAME)";
				SWIFT_VERSION = 5.0;
				TARGETED_DEVICE_FAMILY = "1,2";
				TEST_HOST = "$(BUILT_PRODUCTS_DIR)/Estonia_Flag.app/Estonia_Flag";
			};
			name = Release;
		};
		1919BF5D230766AE009E71C1 /* Debug */ = {
			isa = XCBuildConfiguration;
			buildSettings = {
				ALWAYS_EMBED_SWIFT_STANDARD_LIBRARIES = YES;
				CODE_SIGN_STYLE = Automatic;
				INFOPLIST_FILE = Estonia_FlagUITests/Info.plist;
				LD_RUNPATH_SEARCH_PATHS = (
					"$(inherited)",
					"@executable_path/Frameworks",
					"@loader_path/Frameworks",
				);
				PRODUCT_BUNDLE_IDENTIFIER = "mx.udlap.157068.Estonia-FlagUITests";
				PRODUCT_NAME = "$(TARGET_NAME)";
				SWIFT_VERSION = 5.0;
				TARGETED_DEVICE_FAMILY = "1,2";
				TEST_TARGET_NAME = Estonia_Flag;
			};
			name = Debug;
		};
		1919BF5E230766AE009E71C1 /* Release */ = {
			isa = XCBuildConfiguration;
			buildSettings = {
				ALWAYS_EMBED_SWIFT_STANDARD_LIBRARIES = YES;
				CODE_SIGN_STYLE = Automatic;
				INFOPLIST_FILE = Estonia_FlagUITests/Info.plist;
				LD_RUNPATH_SEARCH_PATHS = (
					"$(inherited)",
					"@executable_path/Frameworks",
					"@loader_path/Frameworks",
				);
				PRODUCT_BUNDLE_IDENTIFIER = "mx.udlap.157068.Estonia-FlagUITests";
				PRODUCT_NAME = "$(TARGET_NAME)";
				SWIFT_VERSION = 5.0;
				TARGETED_DEVICE_FAMILY = "1,2";
				TEST_TARGET_NAME = Estonia_Flag;
			};
			name = Release;
		};
/* End XCBuildConfiguration section */

/* Begin XCConfigurationList section */
		1919BF29230766AD009E71C1 /* Build configuration list for PBXProject "Estonia_Flag" */ = {
			isa = XCConfigurationList;
			buildConfigurations = (
				1919BF54230766AE009E71C1 /* Debug */,
				1919BF55230766AE009E71C1 /* Release */,
			);
			defaultConfigurationIsVisible = 0;
			defaultConfigurationName = Release;
		};
		1919BF56230766AE009E71C1 /* Build configuration list for PBXNativeTarget "Estonia_Flag" */ = {
			isa = XCConfigurationList;
			buildConfigurations = (
				1919BF57230766AE009E71C1 /* Debug */,
				1919BF58230766AE009E71C1 /* Release */,
			);
			defaultConfigurationIsVisible = 0;
			defaultConfigurationName = Release;
		};
		1919BF59230766AE009E71C1 /* Build configuration list for PBXNativeTarget "Estonia_FlagTests" */ = {
			isa = XCConfigurationList;
			buildConfigurations = (
				1919BF5A230766AE009E71C1 /* Debug */,
				1919BF5B230766AE009E71C1 /* Release */,
			);
			defaultConfigurationIsVisible = 0;
			defaultConfigurationName = Release;
		};
		1919BF5C230766AE009E71C1 /* Build configuration list for PBXNativeTarget "Estonia_FlagUITests" */ = {
			isa = XCConfigurationList;
			buildConfigurations = (
				1919BF5D230766AE009E71C1 /* Debug */,
				1919BF5E230766AE009E71C1 /* Release */,
			);
			defaultConfigurationIsVisible = 0;
			defaultConfigurationName = Release;
		};
/* End XCConfigurationList section */
	};
	rootObject = 1919BF26230766AD009E71C1 /* Project object */;
}
