// !$*UTF8*$!
{
	archiveVersion = 1;
	classes = {
	};
	objectVersion = 50;
	objects = {

/* Begin PBXBuildFile section */
		191A910423206DDA009A4802 /* AppDelegate.swift in Sources */ = {isa = PBXBuildFile; fileRef = 191A910323206DDA009A4802 /* AppDelegate.swift */; };
		191A910623206DDA009A4802 /* ViewController.swift in Sources */ = {isa = PBXBuildFile; fileRef = 191A910523206DDA009A4802 /* ViewController.swift */; };
		191A910923206DDA009A4802 /* Main.storyboard in Resources */ = {isa = PBXBuildFile; fileRef = 191A910723206DDA009A4802 /* Main.storyboard */; };
		191A910B23206DDB009A4802 /* Assets.xcassets in Resources */ = {isa = PBXBuildFile; fileRef = 191A910A23206DDB009A4802 /* Assets.xcassets */; };
		191A910E23206DDB009A4802 /* LaunchScreen.storyboard in Resources */ = {isa = PBXBuildFile; fileRef = 191A910C23206DDB009A4802 /* LaunchScreen.storyboard */; };
		191A911923206DDB009A4802 /* AudioPlayerTests.swift in Sources */ = {isa = PBXBuildFile; fileRef = 191A911823206DDB009A4802 /* AudioPlayerTests.swift */; };
		191A912423206DDB009A4802 /* AudioPlayerUITests.swift in Sources */ = {isa = PBXBuildFile; fileRef = 191A912323206DDB009A4802 /* AudioPlayerUITests.swift */; };
		191A91342320770A009A4802 /* elanticristo.mp3 in Resources */ = {isa = PBXBuildFile; fileRef = 191A91332320770A009A4802 /* elanticristo.mp3 */; };
		19D2328623294267004AB285 /* fourinthemorning.mp3 in Resources */ = {isa = PBXBuildFile; fileRef = 19D2328523294267004AB285 /* fourinthemorning.mp3 */; };
		19D232882329426E004AB285 /* diaryofjane.mp3 in Resources */ = {isa = PBXBuildFile; fileRef = 19D232872329426E004AB285 /* diaryofjane.mp3 */; };
/* End PBXBuildFile section */

/* Begin PBXContainerItemProxy section */
		191A911523206DDB009A4802 /* PBXContainerItemProxy */ = {
			isa = PBXContainerItemProxy;
			containerPortal = 191A90F823206DDA009A4802 /* Project object */;
			proxyType = 1;
			remoteGlobalIDString = 191A90FF23206DDA009A4802;
			remoteInfo = AudioPlayer;
		};
		191A912023206DDB009A4802 /* PBXContainerItemProxy */ = {
			isa = PBXContainerItemProxy;
			containerPortal = 191A90F823206DDA009A4802 /* Project object */;
			proxyType = 1;
			remoteGlobalIDString = 191A90FF23206DDA009A4802;
			remoteInfo = AudioPlayer;
		};
/* End PBXContainerItemProxy section */

/* Begin PBXFileReference section */
		191A910023206DDA009A4802 /* AudioPlayer.app */ = {isa = PBXFileReference; explicitFileType = wrapper.application; includeInIndex = 0; path = AudioPlayer.app; sourceTree = BUILT_PRODUCTS_DIR; };
		191A910323206DDA009A4802 /* AppDelegate.swift */ = {isa = PBXFileReference; lastKnownFileType = sourcecode.swift; path = AppDelegate.swift; sourceTree = "<group>"; };
		191A910523206DDA009A4802 /* ViewController.swift */ = {isa = PBXFileReference; lastKnownFileType = sourcecode.swift; path = ViewController.swift; sourceTree = "<group>"; };
		191A910823206DDA009A4802 /* Base */ = {isa = PBXFileReference; lastKnownFileType = file.storyboard; name = Base; path = Base.lproj/Main.storyboard; sourceTree = "<group>"; };
		191A910A23206DDB009A4802 /* Assets.xcassets */ = {isa = PBXFileReference; lastKnownFileType = folder.assetcatalog; path = Assets.xcassets; sourceTree = "<group>"; };
		191A910D23206DDB009A4802 /* Base */ = {isa = PBXFileReference; lastKnownFileType = file.storyboard; name = Base; path = Base.lproj/LaunchScreen.storyboard; sourceTree = "<group>"; };
		191A910F23206DDB009A4802 /* Info.plist */ = {isa = PBXFileReference; lastKnownFileType = text.plist.xml; path = Info.plist; sourceTree = "<group>"; };
		191A911423206DDB009A4802 /* AudioPlayerTests.xctest */ = {isa = PBXFileReference; explicitFileType = wrapper.cfbundle; includeInIndex = 0; path = AudioPlayerTests.xctest; sourceTree = BUILT_PRODUCTS_DIR; };
		191A911823206DDB009A4802 /* AudioPlayerTests.swift */ = {isa = PBXFileReference; lastKnownFileType = sourcecode.swift; path = AudioPlayerTests.swift; sourceTree = "<group>"; };
		191A911A23206DDB009A4802 /* Info.plist */ = {isa = PBXFileReference; lastKnownFileType = text.plist.xml; path = Info.plist; sourceTree = "<group>"; };
		191A911F23206DDB009A4802 /* AudioPlayerUITests.xctest */ = {isa = PBXFileReference; explicitFileType = wrapper.cfbundle; includeInIndex = 0; path = AudioPlayerUITests.xctest; sourceTree = BUILT_PRODUCTS_DIR; };
		191A912323206DDB009A4802 /* AudioPlayerUITests.swift */ = {isa = PBXFileReference; lastKnownFileType = sourcecode.swift; path = AudioPlayerUITests.swift; sourceTree = "<group>"; };
		191A912523206DDB009A4802 /* Info.plist */ = {isa = PBXFileReference; lastKnownFileType = text.plist.xml; path = Info.plist; sourceTree = "<group>"; };
		191A91332320770A009A4802 /* elanticristo.mp3 */ = {isa = PBXFileReference; lastKnownFileType = audio.mp3; path = elanticristo.mp3; sourceTree = "<group>"; };
		19D2328523294267004AB285 /* fourinthemorning.mp3 */ = {isa = PBXFileReference; lastKnownFileType = audio.mp3; path = fourinthemorning.mp3; sourceTree = "<group>"; };
		19D232872329426E004AB285 /* diaryofjane.mp3 */ = {isa = PBXFileReference; lastKnownFileType = audio.mp3; path = diaryofjane.mp3; sourceTree = "<group>"; };
/* End PBXFileReference section */

/* Begin PBXFrameworksBuildPhase section */
		191A90FD23206DDA009A4802 /* Frameworks */ = {
			isa = PBXFrameworksBuildPhase;
			buildActionMask = 2147483647;
			files = (
			);
			runOnlyForDeploymentPostprocessing = 0;
		};
		191A911123206DDB009A4802 /* Frameworks */ = {
			isa = PBXFrameworksBuildPhase;
			buildActionMask = 2147483647;
			files = (
			);
			runOnlyForDeploymentPostprocessing = 0;
		};
		191A911C23206DDB009A4802 /* Frameworks */ = {
			isa = PBXFrameworksBuildPhase;
			buildActionMask = 2147483647;
			files = (
			);
			runOnlyForDeploymentPostprocessing = 0;
		};
/* End PBXFrameworksBuildPhase section */

/* Begin PBXGroup section */
		191A90F723206DDA009A4802 = {
			isa = PBXGroup;
			children = (
				191A910223206DDA009A4802 /* AudioPlayer */,
				191A911723206DDB009A4802 /* AudioPlayerTests */,
				191A912223206DDB009A4802 /* AudioPlayerUITests */,
				191A910123206DDA009A4802 /* Products */,
			);
			sourceTree = "<group>";
		};
		191A910123206DDA009A4802 /* Products */ = {
			isa = PBXGroup;
			children = (
				191A910023206DDA009A4802 /* AudioPlayer.app */,
				191A911423206DDB009A4802 /* AudioPlayerTests.xctest */,
				191A911F23206DDB009A4802 /* AudioPlayerUITests.xctest */,
			);
			name = Products;
			sourceTree = "<group>";
		};
		191A910223206DDA009A4802 /* AudioPlayer */ = {
			isa = PBXGroup;
			children = (
				19D232872329426E004AB285 /* diaryofjane.mp3 */,
				19D2328523294267004AB285 /* fourinthemorning.mp3 */,
				191A91332320770A009A4802 /* elanticristo.mp3 */,
				191A910323206DDA009A4802 /* AppDelegate.swift */,
				191A910523206DDA009A4802 /* ViewController.swift */,
				191A910723206DDA009A4802 /* Main.storyboard */,
				191A910A23206DDB009A4802 /* Assets.xcassets */,
				191A910C23206DDB009A4802 /* LaunchScreen.storyboard */,
				191A910F23206DDB009A4802 /* Info.plist */,
			);
			path = AudioPlayer;
			sourceTree = "<group>";
		};
		191A911723206DDB009A4802 /* AudioPlayerTests */ = {
			isa = PBXGroup;
			children = (
				191A911823206DDB009A4802 /* AudioPlayerTests.swift */,
				191A911A23206DDB009A4802 /* Info.plist */,
			);
			path = AudioPlayerTests;
			sourceTree = "<group>";
		};
		191A912223206DDB009A4802 /* AudioPlayerUITests */ = {
			isa = PBXGroup;
			children = (
				191A912323206DDB009A4802 /* AudioPlayerUITests.swift */,
				191A912523206DDB009A4802 /* Info.plist */,
			);
			path = AudioPlayerUITests;
			sourceTree = "<group>";
		};
/* End PBXGroup section */

/* Begin PBXNativeTarget section */
		191A90FF23206DDA009A4802 /* AudioPlayer */ = {
			isa = PBXNativeTarget;
			buildConfigurationList = 191A912823206DDB009A4802 /* Build configuration list for PBXNativeTarget "AudioPlayer" */;
			buildPhases = (
				191A90FC23206DDA009A4802 /* Sources */,
				191A90FD23206DDA009A4802 /* Frameworks */,
				191A90FE23206DDA009A4802 /* Resources */,
			);
			buildRules = (
			);
			dependencies = (
			);
			name = AudioPlayer;
			productName = AudioPlayer;
			productReference = 191A910023206DDA009A4802 /* AudioPlayer.app */;
			productType = "com.apple.product-type.application";
		};
		191A911323206DDB009A4802 /* AudioPlayerTests */ = {
			isa = PBXNativeTarget;
			buildConfigurationList = 191A912B23206DDB009A4802 /* Build configuration list for PBXNativeTarget "AudioPlayerTests" */;
			buildPhases = (
				191A911023206DDB009A4802 /* Sources */,
				191A911123206DDB009A4802 /* Frameworks */,
				191A911223206DDB009A4802 /* Resources */,
			);
			buildRules = (
			);
			dependencies = (
				191A911623206DDB009A4802 /* PBXTargetDependency */,
			);
			name = AudioPlayerTests;
			productName = AudioPlayerTests;
			productReference = 191A911423206DDB009A4802 /* AudioPlayerTests.xctest */;
			productType = "com.apple.product-type.bundle.unit-test";
		};
		191A911E23206DDB009A4802 /* AudioPlayerUITests */ = {
			isa = PBXNativeTarget;
			buildConfigurationList = 191A912E23206DDB009A4802 /* Build configuration list for PBXNativeTarget "AudioPlayerUITests" */;
			buildPhases = (
				191A911B23206DDB009A4802 /* Sources */,
				191A911C23206DDB009A4802 /* Frameworks */,
				191A911D23206DDB009A4802 /* Resources */,
			);
			buildRules = (
			);
			dependencies = (
				191A912123206DDB009A4802 /* PBXTargetDependency */,
			);
			name = AudioPlayerUITests;
			productName = AudioPlayerUITests;
			productReference = 191A911F23206DDB009A4802 /* AudioPlayerUITests.xctest */;
			productType = "com.apple.product-type.bundle.ui-testing";
		};
/* End PBXNativeTarget section */

/* Begin PBXProject section */
		191A90F823206DDA009A4802 /* Project object */ = {
			isa = PBXProject;
			attributes = {
				LastSwiftUpdateCheck = 1030;
				LastUpgradeCheck = 1030;
				ORGANIZATIONNAME = UDLAP19;
				TargetAttributes = {
					191A90FF23206DDA009A4802 = {
						CreatedOnToolsVersion = 10.3;
					};
					191A911323206DDB009A4802 = {
						CreatedOnToolsVersion = 10.3;
						TestTargetID = 191A90FF23206DDA009A4802;
					};
					191A911E23206DDB009A4802 = {
						CreatedOnToolsVersion = 10.3;
						TestTargetID = 191A90FF23206DDA009A4802;
					};
				};
			};
			buildConfigurationList = 191A90FB23206DDA009A4802 /* Build configuration list for PBXProject "AudioPlayer" */;
			compatibilityVersion = "Xcode 9.3";
			developmentRegion = en;
			hasScannedForEncodings = 0;
			knownRegions = (
				en,
				Base,
			);
			mainGroup = 191A90F723206DDA009A4802;
			productRefGroup = 191A910123206DDA009A4802 /* Products */;
			projectDirPath = "";
			projectRoot = "";
			targets = (
				191A90FF23206DDA009A4802 /* AudioPlayer */,
				191A911323206DDB009A4802 /* AudioPlayerTests */,
				191A911E23206DDB009A4802 /* AudioPlayerUITests */,
			);
		};
/* End PBXProject section */

/* Begin PBXResourcesBuildPhase section */
		191A90FE23206DDA009A4802 /* Resources */ = {
			isa = PBXResourcesBuildPhase;
			buildActionMask = 2147483647;
			files = (
				191A910E23206DDB009A4802 /* LaunchScreen.storyboard in Resources */,
				19D2328623294267004AB285 /* fourinthemorning.mp3 in Resources */,
				191A910B23206DDB009A4802 /* Assets.xcassets in Resources */,
				191A910923206DDA009A4802 /* Main.storyboard in Resources */,
				191A91342320770A009A4802 /* elanticristo.mp3 in Resources */,
				19D232882329426E004AB285 /* diaryofjane.mp3 in Resources */,
			);
			runOnlyForDeploymentPostprocessing = 0;
		};
		191A911223206DDB009A4802 /* Resources */ = {
			isa = PBXResourcesBuildPhase;
			buildActionMask = 2147483647;
			files = (
			);
			runOnlyForDeploymentPostprocessing = 0;
		};
		191A911D23206DDB009A4802 /* Resources */ = {
			isa = PBXResourcesBuildPhase;
			buildActionMask = 2147483647;
			files = (
			);
			runOnlyForDeploymentPostprocessing = 0;
		};
/* End PBXResourcesBuildPhase section */

/* Begin PBXSourcesBuildPhase section */
		191A90FC23206DDA009A4802 /* Sources */ = {
			isa = PBXSourcesBuildPhase;
			buildActionMask = 2147483647;
			files = (
				191A910623206DDA009A4802 /* ViewController.swift in Sources */,
				191A910423206DDA009A4802 /* AppDelegate.swift in Sources */,
			);
			runOnlyForDeploymentPostprocessing = 0;
		};
		191A911023206DDB009A4802 /* Sources */ = {
			isa = PBXSourcesBuildPhase;
			buildActionMask = 2147483647;
			files = (
				191A911923206DDB009A4802 /* AudioPlayerTests.swift in Sources */,
			);
			runOnlyForDeploymentPostprocessing = 0;
		};
		191A911B23206DDB009A4802 /* Sources */ = {
			isa = PBXSourcesBuildPhase;
			buildActionMask = 2147483647;
			files = (
				191A912423206DDB009A4802 /* AudioPlayerUITests.swift in Sources */,
			);
			runOnlyForDeploymentPostprocessing = 0;
		};
/* End PBXSourcesBuildPhase section */

/* Begin PBXTargetDependency section */
		191A911623206DDB009A4802 /* PBXTargetDependency */ = {
			isa = PBXTargetDependency;
			target = 191A90FF23206DDA009A4802 /* AudioPlayer */;
			targetProxy = 191A911523206DDB009A4802 /* PBXContainerItemProxy */;
		};
		191A912123206DDB009A4802 /* PBXTargetDependency */ = {
			isa = PBXTargetDependency;
			target = 191A90FF23206DDA009A4802 /* AudioPlayer */;
			targetProxy = 191A912023206DDB009A4802 /* PBXContainerItemProxy */;
		};
/* End PBXTargetDependency section */

/* Begin PBXVariantGroup section */
		191A910723206DDA009A4802 /* Main.storyboard */ = {
			isa = PBXVariantGroup;
			children = (
				191A910823206DDA009A4802 /* Base */,
			);
			name = Main.storyboard;
			sourceTree = "<group>";
		};
		191A910C23206DDB009A4802 /* LaunchScreen.storyboard */ = {
			isa = PBXVariantGroup;
			children = (
				191A910D23206DDB009A4802 /* Base */,
			);
			name = LaunchScreen.storyboard;
			sourceTree = "<group>";
		};
/* End PBXVariantGroup section */

/* Begin XCBuildConfiguration section */
		191A912623206DDB009A4802 /* Debug */ = {
			isa = XCBuildConfiguration;
			buildSettings = {
				ALWAYS_SEARCH_USER_PATHS = NO;
				CLANG_ANALYZER_NONNULL = YES;
				CLANG_ANALYZER_NUMBER_OBJECT_CONVERSION = YES_AGGRESSIVE;
				CLANG_CXX_LANGUAGE_STANDARD = "gnu++14";
				CLANG_CXX_LIBRARY = "libc++";
				CLANG_ENABLE_MODULES = YES;
				CLANG_ENABLE_OBJC_ARC = YES;
				CLANG_ENABLE_OBJC_WEAK = YES;
				CLANG_WARN_BLOCK_CAPTURE_AUTORELEASING = YES;
				CLANG_WARN_BOOL_CONVERSION = YES;
				CLANG_WARN_COMMA = YES;
				CLANG_WARN_CONSTANT_CONVERSION = YES;
				CLANG_WARN_DEPRECATED_OBJC_IMPLEMENTATIONS = YES;
				CLANG_WARN_DIRECT_OBJC_ISA_USAGE = YES_ERROR;
				CLANG_WARN_DOCUMENTATION_COMMENTS = YES;
				CLANG_WARN_EMPTY_BODY = YES;
				CLANG_WARN_ENUM_CONVERSION = YES;
				CLANG_WARN_INFINITE_RECURSION = YES;
				CLANG_WARN_INT_CONVERSION = YES;
				CLANG_WARN_NON_LITERAL_NULL_CONVERSION = YES;
				CLANG_WARN_OBJC_IMPLICIT_RETAIN_SELF = YES;
				CLANG_WARN_OBJC_LITERAL_CONVERSION = YES;
				CLANG_WARN_OBJC_ROOT_CLASS = YES_ERROR;
				CLANG_WARN_RANGE_LOOP_ANALYSIS = YES;
				CLANG_WARN_STRICT_PROTOTYPES = YES;
				CLANG_WARN_SUSPICIOUS_MOVE = YES;
				CLANG_WARN_UNGUARDED_AVAILABILITY = YES_AGGRESSIVE;
				CLANG_WARN_UNREACHABLE_CODE = YES;
				CLANG_WARN__DUPLICATE_METHOD_MATCH = YES;
				CODE_SIGN_IDENTITY = "iPhone Developer";
				COPY_PHASE_STRIP = NO;
				DEBUG_INFORMATION_FORMAT = dwarf;
				ENABLE_STRICT_OBJC_MSGSEND = YES;
				ENABLE_TESTABILITY = YES;
				GCC_C_LANGUAGE_STANDARD = gnu11;
				GCC_DYNAMIC_NO_PIC = NO;
				GCC_NO_COMMON_BLOCKS = YES;
				GCC_OPTIMIZATION_LEVEL = 0;
				GCC_PREPROCESSOR_DEFINITIONS = (
					"DEBUG=1",
					"$(inherited)",
				);
				GCC_WARN_64_TO_32_BIT_CONVERSION = YES;
				GCC_WARN_ABOUT_RETURN_TYPE = YES_ERROR;
				GCC_WARN_UNDECLARED_SELECTOR = YES;
				GCC_WARN_UNINITIALIZED_AUTOS = YES_AGGRESSIVE;
				GCC_WARN_UNUSED_FUNCTION = YES;
				GCC_WARN_UNUSED_VARIABLE = YES;
				IPHONEOS_DEPLOYMENT_TARGET = 12.4;
				MTL_ENABLE_DEBUG_INFO = INCLUDE_SOURCE;
				MTL_FAST_MATH = YES;
				ONLY_ACTIVE_ARCH = YES;
				SDKROOT = iphoneos;
				SWIFT_ACTIVE_COMPILATION_CONDITIONS = DEBUG;
				SWIFT_OPTIMIZATION_LEVEL = "-Onone";
			};
			name = Debug;
		};
		191A912723206DDB009A4802 /* Release */ = {
			isa = XCBuildConfiguration;
			buildSettings = {
				ALWAYS_SEARCH_USER_PATHS = NO;
				CLANG_ANALYZER_NONNULL = YES;
				CLANG_ANALYZER_NUMBER_OBJECT_CONVERSION = YES_AGGRESSIVE;
				CLANG_CXX_LANGUAGE_STANDARD = "gnu++14";
				CLANG_CXX_LIBRARY = "libc++";
				CLANG_ENABLE_MODULES = YES;
				CLANG_ENABLE_OBJC_ARC = YES;
				CLANG_ENABLE_OBJC_WEAK = YES;
				CLANG_WARN_BLOCK_CAPTURE_AUTORELEASING = YES;
				CLANG_WARN_BOOL_CONVERSION = YES;
				CLANG_WARN_COMMA = YES;
				CLANG_WARN_CONSTANT_CONVERSION = YES;
				CLANG_WARN_DEPRECATED_OBJC_IMPLEMENTATIONS = YES;
				CLANG_WARN_DIRECT_OBJC_ISA_USAGE = YES_ERROR;
				CLANG_WARN_DOCUMENTATION_COMMENTS = YES;
				CLANG_WARN_EMPTY_BODY = YES;
				CLANG_WARN_ENUM_CONVERSION = YES;
				CLANG_WARN_INFINITE_RECURSION = YES;
				CLANG_WARN_INT_CONVERSION = YES;
				CLANG_WARN_NON_LITERAL_NULL_CONVERSION = YES;
				CLANG_WARN_OBJC_IMPLICIT_RETAIN_SELF = YES;
				CLANG_WARN_OBJC_LITERAL_CONVERSION = YES;
				CLANG_WARN_OBJC_ROOT_CLASS = YES_ERROR;
				CLANG_WARN_RANGE_LOOP_ANALYSIS = YES;
				CLANG_WARN_STRICT_PROTOTYPES = YES;
				CLANG_WARN_SUSPICIOUS_MOVE = YES;
				CLANG_WARN_UNGUARDED_AVAILABILITY = YES_AGGRESSIVE;
				CLANG_WARN_UNREACHABLE_CODE = YES;
				CLANG_WARN__DUPLICATE_METHOD_MATCH = YES;
				CODE_SIGN_IDENTITY = "iPhone Developer";
				COPY_PHASE_STRIP = NO;
				DEBUG_INFORMATION_FORMAT = "dwarf-with-dsym";
				ENABLE_NS_ASSERTIONS = NO;
				ENABLE_STRICT_OBJC_MSGSEND = YES;
				GCC_C_LANGUAGE_STANDARD = gnu11;
				GCC_NO_COMMON_BLOCKS = YES;
				GCC_WARN_64_TO_32_BIT_CONVERSION = YES;
				GCC_WARN_ABOUT_RETURN_TYPE = YES_ERROR;
				GCC_WARN_UNDECLARED_SELECTOR = YES;
				GCC_WARN_UNINITIALIZED_AUTOS = YES_AGGRESSIVE;
				GCC_WARN_UNUSED_FUNCTION = YES;
				GCC_WARN_UNUSED_VARIABLE = YES;
				IPHONEOS_DEPLOYMENT_TARGET = 12.4;
				MTL_ENABLE_DEBUG_INFO = NO;
				MTL_FAST_MATH = YES;
				SDKROOT = iphoneos;
				SWIFT_COMPILATION_MODE = wholemodule;
				SWIFT_OPTIMIZATION_LEVEL = "-O";
				VALIDATE_PRODUCT = YES;
			};
			name = Release;
		};
		191A912923206DDB009A4802 /* Debug */ = {
			isa = XCBuildConfiguration;
			buildSettings = {
				ASSETCATALOG_COMPILER_APPICON_NAME = AppIcon;
				CODE_SIGN_STYLE = Automatic;
				INFOPLIST_FILE = AudioPlayer/Info.plist;
				LD_RUNPATH_SEARCH_PATHS = (
					"$(inherited)",
					"@executable_path/Frameworks",
				);
				PRODUCT_BUNDLE_IDENTIFIER = mx.udlap.157068.AudioPlayer;
				PRODUCT_NAME = "$(TARGET_NAME)";
				SWIFT_VERSION = 5.0;
				TARGETED_DEVICE_FAMILY = "1,2";
			};
			name = Debug;
		};
		191A912A23206DDB009A4802 /* Release */ = {
			isa = XCBuildConfiguration;
			buildSettings = {
				ASSETCATALOG_COMPILER_APPICON_NAME = AppIcon;
				CODE_SIGN_STYLE = Automatic;
				INFOPLIST_FILE = AudioPlayer/Info.plist;
				LD_RUNPATH_SEARCH_PATHS = (
					"$(inherited)",
					"@executable_path/Frameworks",
				);
				PRODUCT_BUNDLE_IDENTIFIER = mx.udlap.157068.AudioPlayer;
				PRODUCT_NAME = "$(TARGET_NAME)";
				SWIFT_VERSION = 5.0;
				TARGETED_DEVICE_FAMILY = "1,2";
			};
			name = Release;
		};
		191A912C23206DDB009A4802 /* Debug */ = {
			isa = XCBuildConfiguration;
			buildSettings = {
				ALWAYS_EMBED_SWIFT_STANDARD_LIBRARIES = YES;
				BUNDLE_LOADER = "$(TEST_HOST)";
				CODE_SIGN_STYLE = Automatic;
				INFOPLIST_FILE = AudioPlayerTests/Info.plist;
				LD_RUNPATH_SEARCH_PATHS = (
					"$(inherited)",
					"@executable_path/Frameworks",
					"@loader_path/Frameworks",
				);
				PRODUCT_BUNDLE_IDENTIFIER = mx.udlap.157068.AudioPlayerTests;
				PRODUCT_NAME = "$(TARGET_NAME)";
				SWIFT_VERSION = 5.0;
				TARGETED_DEVICE_FAMILY = "1,2";
				TEST_HOST = "$(BUILT_PRODUCTS_DIR)/AudioPlayer.app/AudioPlayer";
			};
			name = Debug;
		};
		191A912D23206DDB009A4802 /* Release */ = {
			isa = XCBuildConfiguration;
			buildSettings = {
				ALWAYS_EMBED_SWIFT_STANDARD_LIBRARIES = YES;
				BUNDLE_LOADER = "$(TEST_HOST)";
				CODE_SIGN_STYLE = Automatic;
				INFOPLIST_FILE = AudioPlayerTests/Info.plist;
				LD_RUNPATH_SEARCH_PATHS = (
					"$(inherited)",
					"@executable_path/Frameworks",
					"@loader_path/Frameworks",
				);
				PRODUCT_BUNDLE_IDENTIFIER = mx.udlap.157068.AudioPlayerTests;
				PRODUCT_NAME = "$(TARGET_NAME)";
				SWIFT_VERSION = 5.0;
				TARGETED_DEVICE_FAMILY = "1,2";
				TEST_HOST = "$(BUILT_PRODUCTS_DIR)/AudioPlayer.app/AudioPlayer";
			};
			name = Release;
		};
		191A912F23206DDB009A4802 /* Debug */ = {
			isa = XCBuildConfiguration;
			buildSettings = {
				ALWAYS_EMBED_SWIFT_STANDARD_LIBRARIES = YES;
				CODE_SIGN_STYLE = Automatic;
				INFOPLIST_FILE = AudioPlayerUITests/Info.plist;
				LD_RUNPATH_SEARCH_PATHS = (
					"$(inherited)",
					"@executable_path/Frameworks",
					"@loader_path/Frameworks",
				);
				PRODUCT_BUNDLE_IDENTIFIER = mx.udlap.157068.AudioPlayerUITests;
				PRODUCT_NAME = "$(TARGET_NAME)";
				SWIFT_VERSION = 5.0;
				TARGETED_DEVICE_FAMILY = "1,2";
				TEST_TARGET_NAME = AudioPlayer;
			};
			name = Debug;
		};
		191A913023206DDB009A4802 /* Release */ = {
			isa = XCBuildConfiguration;
			buildSettings = {
				ALWAYS_EMBED_SWIFT_STANDARD_LIBRARIES = YES;
				CODE_SIGN_STYLE = Automatic;
				INFOPLIST_FILE = AudioPlayerUITests/Info.plist;
				LD_RUNPATH_SEARCH_PATHS = (
					"$(inherited)",
					"@executable_path/Frameworks",
					"@loader_path/Frameworks",
				);
				PRODUCT_BUNDLE_IDENTIFIER = mx.udlap.157068.AudioPlayerUITests;
				PRODUCT_NAME = "$(TARGET_NAME)";
				SWIFT_VERSION = 5.0;
				TARGETED_DEVICE_FAMILY = "1,2";
				TEST_TARGET_NAME = AudioPlayer;
			};
			name = Release;
		};
/* End XCBuildConfiguration section */

/* Begin XCConfigurationList section */
		191A90FB23206DDA009A4802 /* Build configuration list for PBXProject "AudioPlayer" */ = {
			isa = XCConfigurationList;
			buildConfigurations = (
				191A912623206DDB009A4802 /* Debug */,
				191A912723206DDB009A4802 /* Release */,
			);
			defaultConfigurationIsVisible = 0;
			defaultConfigurationName = Release;
		};
		191A912823206DDB009A4802 /* Build configuration list for PBXNativeTarget "AudioPlayer" */ = {
			isa = XCConfigurationList;
			buildConfigurations = (
				191A912923206DDB009A4802 /* Debug */,
				191A912A23206DDB009A4802 /* Release */,
			);
			defaultConfigurationIsVisible = 0;
			defaultConfigurationName = Release;
		};
		191A912B23206DDB009A4802 /* Build configuration list for PBXNativeTarget "AudioPlayerTests" */ = {
			isa = XCConfigurationList;
			buildConfigurations = (
				191A912C23206DDB009A4802 /* Debug */,
				191A912D23206DDB009A4802 /* Release */,
			);
			defaultConfigurationIsVisible = 0;
			defaultConfigurationName = Release;
		};
		191A912E23206DDB009A4802 /* Build configuration list for PBXNativeTarget "AudioPlayerUITests" */ = {
			isa = XCConfigurationList;
			buildConfigurations = (
				191A912F23206DDB009A4802 /* Debug */,
				191A913023206DDB009A4802 /* Release */,
			);
			defaultConfigurationIsVisible = 0;
			defaultConfigurationName = Release;
		};
/* End XCConfigurationList section */
	};
	rootObject = 191A90F823206DDA009A4802 /* Project object */;
}
