// !$*UTF8*$!
{
	archiveVersion = 1;
	classes = {
	};
	objectVersion = 50;
	objects = {

/* Begin PBXBuildFile section */
		1919BEF823076086009E71C1 /* AppDelegate.swift in Sources */ = {isa = PBXBuildFile; fileRef = 1919BEF723076086009E71C1 /* AppDelegate.swift */; };
		1919BEFA23076086009E71C1 /* ViewController.swift in Sources */ = {isa = PBXBuildFile; fileRef = 1919BEF923076086009E71C1 /* ViewController.swift */; };
		1919BEFD23076086009E71C1 /* Main.storyboard in Resources */ = {isa = PBXBuildFile; fileRef = 1919BEFB23076086009E71C1 /* Main.storyboard */; };
		1919BEFF23076088009E71C1 /* Assets.xcassets in Resources */ = {isa = PBXBuildFile; fileRef = 1919BEFE23076088009E71C1 /* Assets.xcassets */; };
		1919BF0223076088009E71C1 /* LaunchScreen.storyboard in Resources */ = {isa = PBXBuildFile; fileRef = 1919BF0023076088009E71C1 /* LaunchScreen.storyboard */; };
		1919BF0D23076088009E71C1 /* FlagsTests.swift in Sources */ = {isa = PBXBuildFile; fileRef = 1919BF0C23076088009E71C1 /* FlagsTests.swift */; };
		1919BF1823076088009E71C1 /* FlagsUITests.swift in Sources */ = {isa = PBXBuildFile; fileRef = 1919BF1723076088009E71C1 /* FlagsUITests.swift */; };
/* End PBXBuildFile section */

/* Begin PBXContainerItemProxy section */
		1919BF0923076088009E71C1 /* PBXContainerItemProxy */ = {
			isa = PBXContainerItemProxy;
			containerPortal = 1919BEEC23076086009E71C1 /* Project object */;
			proxyType = 1;
			remoteGlobalIDString = 1919BEF323076086009E71C1;
			remoteInfo = Flags;
		};
		1919BF1423076088009E71C1 /* PBXContainerItemProxy */ = {
			isa = PBXContainerItemProxy;
			containerPortal = 1919BEEC23076086009E71C1 /* Project object */;
			proxyType = 1;
			remoteGlobalIDString = 1919BEF323076086009E71C1;
			remoteInfo = Flags;
		};
/* End PBXContainerItemProxy section */

/* Begin PBXFileReference section */
		1919BEF423076086009E71C1 /* Flags.app */ = {isa = PBXFileReference; explicitFileType = wrapper.application; includeInIndex = 0; path = Flags.app; sourceTree = BUILT_PRODUCTS_DIR; };
		1919BEF723076086009E71C1 /* AppDelegate.swift */ = {isa = PBXFileReference; lastKnownFileType = sourcecode.swift; path = AppDelegate.swift; sourceTree = "<group>"; };
		1919BEF923076086009E71C1 /* ViewController.swift */ = {isa = PBXFileReference; lastKnownFileType = sourcecode.swift; path = ViewController.swift; sourceTree = "<group>"; };
		1919BEFC23076086009E71C1 /* Base */ = {isa = PBXFileReference; lastKnownFileType = file.storyboard; name = Base; path = Base.lproj/Main.storyboard; sourceTree = "<group>"; };
		1919BEFE23076088009E71C1 /* Assets.xcassets */ = {isa = PBXFileReference; lastKnownFileType = folder.assetcatalog; path = Assets.xcassets; sourceTree = "<group>"; };
		1919BF0123076088009E71C1 /* Base */ = {isa = PBXFileReference; lastKnownFileType = file.storyboard; name = Base; path = Base.lproj/LaunchScreen.storyboard; sourceTree = "<group>"; };
		1919BF0323076088009E71C1 /* Info.plist */ = {isa = PBXFileReference; lastKnownFileType = text.plist.xml; path = Info.plist; sourceTree = "<group>"; };
		1919BF0823076088009E71C1 /* FlagsTests.xctest */ = {isa = PBXFileReference; explicitFileType = wrapper.cfbundle; includeInIndex = 0; path = FlagsTests.xctest; sourceTree = BUILT_PRODUCTS_DIR; };
		1919BF0C23076088009E71C1 /* FlagsTests.swift */ = {isa = PBXFileReference; lastKnownFileType = sourcecode.swift; path = FlagsTests.swift; sourceTree = "<group>"; };
		1919BF0E23076088009E71C1 /* Info.plist */ = {isa = PBXFileReference; lastKnownFileType = text.plist.xml; path = Info.plist; sourceTree = "<group>"; };
		1919BF1323076088009E71C1 /* FlagsUITests.xctest */ = {isa = PBXFileReference; explicitFileType = wrapper.cfbundle; includeInIndex = 0; path = FlagsUITests.xctest; sourceTree = BUILT_PRODUCTS_DIR; };
		1919BF1723076088009E71C1 /* FlagsUITests.swift */ = {isa = PBXFileReference; lastKnownFileType = sourcecode.swift; path = FlagsUITests.swift; sourceTree = "<group>"; };
		1919BF1923076088009E71C1 /* Info.plist */ = {isa = PBXFileReference; lastKnownFileType = text.plist.xml; path = Info.plist; sourceTree = "<group>"; };
/* End PBXFileReference section */

/* Begin PBXFrameworksBuildPhase section */
		1919BEF123076086009E71C1 /* Frameworks */ = {
			isa = PBXFrameworksBuildPhase;
			buildActionMask = 2147483647;
			files = (
			);
			runOnlyForDeploymentPostprocessing = 0;
		};
		1919BF0523076088009E71C1 /* Frameworks */ = {
			isa = PBXFrameworksBuildPhase;
			buildActionMask = 2147483647;
			files = (
			);
			runOnlyForDeploymentPostprocessing = 0;
		};
		1919BF1023076088009E71C1 /* Frameworks */ = {
			isa = PBXFrameworksBuildPhase;
			buildActionMask = 2147483647;
			files = (
			);
			runOnlyForDeploymentPostprocessing = 0;
		};
/* End PBXFrameworksBuildPhase section */

/* Begin PBXGroup section */
		1919BEEB23076086009E71C1 = {
			isa = PBXGroup;
			children = (
				1919BEF623076086009E71C1 /* Flags */,
				1919BF0B23076088009E71C1 /* FlagsTests */,
				1919BF1623076088009E71C1 /* FlagsUITests */,
				1919BEF523076086009E71C1 /* Products */,
			);
			sourceTree = "<group>";
		};
		1919BEF523076086009E71C1 /* Products */ = {
			isa = PBXGroup;
			children = (
				1919BEF423076086009E71C1 /* Flags.app */,
				1919BF0823076088009E71C1 /* FlagsTests.xctest */,
				1919BF1323076088009E71C1 /* FlagsUITests.xctest */,
			);
			name = Products;
			sourceTree = "<group>";
		};
		1919BEF623076086009E71C1 /* Flags */ = {
			isa = PBXGroup;
			children = (
				1919BEF723076086009E71C1 /* AppDelegate.swift */,
				1919BEF923076086009E71C1 /* ViewController.swift */,
				1919BEFB23076086009E71C1 /* Main.storyboard */,
				1919BEFE23076088009E71C1 /* Assets.xcassets */,
				1919BF0023076088009E71C1 /* LaunchScreen.storyboard */,
				1919BF0323076088009E71C1 /* Info.plist */,
			);
			path = Flags;
			sourceTree = "<group>";
		};
		1919BF0B23076088009E71C1 /* FlagsTests */ = {
			isa = PBXGroup;
			children = (
				1919BF0C23076088009E71C1 /* FlagsTests.swift */,
				1919BF0E23076088009E71C1 /* Info.plist */,
			);
			path = FlagsTests;
			sourceTree = "<group>";
		};
		1919BF1623076088009E71C1 /* FlagsUITests */ = {
			isa = PBXGroup;
			children = (
				1919BF1723076088009E71C1 /* FlagsUITests.swift */,
				1919BF1923076088009E71C1 /* Info.plist */,
			);
			path = FlagsUITests;
			sourceTree = "<group>";
		};
/* End PBXGroup section */

/* Begin PBXNativeTarget section */
		1919BEF323076086009E71C1 /* Flags */ = {
			isa = PBXNativeTarget;
			buildConfigurationList = 1919BF1C23076088009E71C1 /* Build configuration list for PBXNativeTarget "Flags" */;
			buildPhases = (
				1919BEF023076086009E71C1 /* Sources */,
				1919BEF123076086009E71C1 /* Frameworks */,
				1919BEF223076086009E71C1 /* Resources */,
			);
			buildRules = (
			);
			dependencies = (
			);
			name = Flags;
			productName = Flags;
			productReference = 1919BEF423076086009E71C1 /* Flags.app */;
			productType = "com.apple.product-type.application";
		};
		1919BF0723076088009E71C1 /* FlagsTests */ = {
			isa = PBXNativeTarget;
			buildConfigurationList = 1919BF1F23076088009E71C1 /* Build configuration list for PBXNativeTarget "FlagsTests" */;
			buildPhases = (
				1919BF0423076088009E71C1 /* Sources */,
				1919BF0523076088009E71C1 /* Frameworks */,
				1919BF0623076088009E71C1 /* Resources */,
			);
			buildRules = (
			);
			dependencies = (
				1919BF0A23076088009E71C1 /* PBXTargetDependency */,
			);
			name = FlagsTests;
			productName = FlagsTests;
			productReference = 1919BF0823076088009E71C1 /* FlagsTests.xctest */;
			productType = "com.apple.product-type.bundle.unit-test";
		};
		1919BF1223076088009E71C1 /* FlagsUITests */ = {
			isa = PBXNativeTarget;
			buildConfigurationList = 1919BF2223076088009E71C1 /* Build configuration list for PBXNativeTarget "FlagsUITests" */;
			buildPhases = (
				1919BF0F23076088009E71C1 /* Sources */,
				1919BF1023076088009E71C1 /* Frameworks */,
				1919BF1123076088009E71C1 /* Resources */,
			);
			buildRules = (
			);
			dependencies = (
				1919BF1523076088009E71C1 /* PBXTargetDependency */,
			);
			name = FlagsUITests;
			productName = FlagsUITests;
			productReference = 1919BF1323076088009E71C1 /* FlagsUITests.xctest */;
			productType = "com.apple.product-type.bundle.ui-testing";
		};
/* End PBXNativeTarget section */

/* Begin PBXProject section */
		1919BEEC23076086009E71C1 /* Project object */ = {
			isa = PBXProject;
			attributes = {
				LastSwiftUpdateCheck = 1030;
				LastUpgradeCheck = 1030;
				ORGANIZATIONNAME = UDLAP19;
				TargetAttributes = {
					1919BEF323076086009E71C1 = {
						CreatedOnToolsVersion = 10.3;
					};
					1919BF0723076088009E71C1 = {
						CreatedOnToolsVersion = 10.3;
						TestTargetID = 1919BEF323076086009E71C1;
					};
					1919BF1223076088009E71C1 = {
						CreatedOnToolsVersion = 10.3;
						TestTargetID = 1919BEF323076086009E71C1;
					};
				};
			};
			buildConfigurationList = 1919BEEF23076086009E71C1 /* Build configuration list for PBXProject "Flags" */;
			compatibilityVersion = "Xcode 9.3";
			developmentRegion = en;
			hasScannedForEncodings = 0;
			knownRegions = (
				en,
				Base,
			);
			mainGroup = 1919BEEB23076086009E71C1;
			productRefGroup = 1919BEF523076086009E71C1 /* Products */;
			projectDirPath = "";
			projectRoot = "";
			targets = (
				1919BEF323076086009E71C1 /* Flags */,
				1919BF0723076088009E71C1 /* FlagsTests */,
				1919BF1223076088009E71C1 /* FlagsUITests */,
			);
		};
/* End PBXProject section */

/* Begin PBXResourcesBuildPhase section */
		1919BEF223076086009E71C1 /* Resources */ = {
			isa = PBXResourcesBuildPhase;
			buildActionMask = 2147483647;
			files = (
				1919BF0223076088009E71C1 /* LaunchScreen.storyboard in Resources */,
				1919BEFF23076088009E71C1 /* Assets.xcassets in Resources */,
				1919BEFD23076086009E71C1 /* Main.storyboard in Resources */,
			);
			runOnlyForDeploymentPostprocessing = 0;
		};
		1919BF0623076088009E71C1 /* Resources */ = {
			isa = PBXResourcesBuildPhase;
			buildActionMask = 2147483647;
			files = (
			);
			runOnlyForDeploymentPostprocessing = 0;
		};
		1919BF1123076088009E71C1 /* Resources */ = {
			isa = PBXResourcesBuildPhase;
			buildActionMask = 2147483647;
			files = (
			);
			runOnlyForDeploymentPostprocessing = 0;
		};
/* End PBXResourcesBuildPhase section */

/* Begin PBXSourcesBuildPhase section */
		1919BEF023076086009E71C1 /* Sources */ = {
			isa = PBXSourcesBuildPhase;
			buildActionMask = 2147483647;
			files = (
				1919BEFA23076086009E71C1 /* ViewController.swift in Sources */,
				1919BEF823076086009E71C1 /* AppDelegate.swift in Sources */,
			);
			runOnlyForDeploymentPostprocessing = 0;
		};
		1919BF0423076088009E71C1 /* Sources */ = {
			isa = PBXSourcesBuildPhase;
			buildActionMask = 2147483647;
			files = (
				1919BF0D23076088009E71C1 /* FlagsTests.swift in Sources */,
			);
			runOnlyForDeploymentPostprocessing = 0;
		};
		1919BF0F23076088009E71C1 /* Sources */ = {
			isa = PBXSourcesBuildPhase;
			buildActionMask = 2147483647;
			files = (
				1919BF1823076088009E71C1 /* FlagsUITests.swift in Sources */,
			);
			runOnlyForDeploymentPostprocessing = 0;
		};
/* End PBXSourcesBuildPhase section */

/* Begin PBXTargetDependency section */
		1919BF0A23076088009E71C1 /* PBXTargetDependency */ = {
			isa = PBXTargetDependency;
			target = 1919BEF323076086009E71C1 /* Flags */;
			targetProxy = 1919BF0923076088009E71C1 /* PBXContainerItemProxy */;
		};
		1919BF1523076088009E71C1 /* PBXTargetDependency */ = {
			isa = PBXTargetDependency;
			target = 1919BEF323076086009E71C1 /* Flags */;
			targetProxy = 1919BF1423076088009E71C1 /* PBXContainerItemProxy */;
		};
/* End PBXTargetDependency section */

/* Begin PBXVariantGroup section */
		1919BEFB23076086009E71C1 /* Main.storyboard */ = {
			isa = PBXVariantGroup;
			children = (
				1919BEFC23076086009E71C1 /* Base */,
			);
			name = Main.storyboard;
			sourceTree = "<group>";
		};
		1919BF0023076088009E71C1 /* LaunchScreen.storyboard */ = {
			isa = PBXVariantGroup;
			children = (
				1919BF0123076088009E71C1 /* Base */,
			);
			name = LaunchScreen.storyboard;
			sourceTree = "<group>";
		};
/* End PBXVariantGroup section */

/* Begin XCBuildConfiguration section */
		1919BF1A23076088009E71C1 /* Debug */ = {
			isa = XCBuildConfiguration;
			buildSettings = {
				ALWAYS_SEARCH_USER_PATHS = NO;
				CLANG_ANALYZER_NONNULL = YES;
				CLANG_ANALYZER_NUMBER_OBJECT_CONVERSION = YES_AGGRESSIVE;
				CLANG_CXX_LANGUAGE_STANDARD = "gnu++14";
				CLANG_CXX_LIBRARY = "libc++";
				CLANG_ENABLE_MODULES = YES;
				CLANG_ENABLE_OBJC_ARC = YES;
				CLANG_ENABLE_OBJC_WEAK = YES;
				CLANG_WARN_BLOCK_CAPTURE_AUTORELEASING = YES;
				CLANG_WARN_BOOL_CONVERSION = YES;
				CLANG_WARN_COMMA = YES;
				CLANG_WARN_CONSTANT_CONVERSION = YES;
				CLANG_WARN_DEPRECATED_OBJC_IMPLEMENTATIONS = YES;
				CLANG_WARN_DIRECT_OBJC_ISA_USAGE = YES_ERROR;
				CLANG_WARN_DOCUMENTATION_COMMENTS = YES;
				CLANG_WARN_EMPTY_BODY = YES;
				CLANG_WARN_ENUM_CONVERSION = YES;
				CLANG_WARN_INFINITE_RECURSION = YES;
				CLANG_WARN_INT_CONVERSION = YES;
				CLANG_WARN_NON_LITERAL_NULL_CONVERSION = YES;
				CLANG_WARN_OBJC_IMPLICIT_RETAIN_SELF = YES;
				CLANG_WARN_OBJC_LITERAL_CONVERSION = YES;
				CLANG_WARN_OBJC_ROOT_CLASS = YES_ERROR;
				CLANG_WARN_RANGE_LOOP_ANALYSIS = YES;
				CLANG_WARN_STRICT_PROTOTYPES = YES;
				CLANG_WARN_SUSPICIOUS_MOVE = YES;
				CLANG_WARN_UNGUARDED_AVAILABILITY = YES_AGGRESSIVE;
				CLANG_WARN_UNREACHABLE_CODE = YES;
				CLANG_WARN__DUPLICATE_METHOD_MATCH = YES;
				CODE_SIGN_IDENTITY = "iPhone Developer";
				COPY_PHASE_STRIP = NO;
				DEBUG_INFORMATION_FORMAT = dwarf;
				ENABLE_STRICT_OBJC_MSGSEND = YES;
				ENABLE_TESTABILITY = YES;
				GCC_C_LANGUAGE_STANDARD = gnu11;
				GCC_DYNAMIC_NO_PIC = NO;
				GCC_NO_COMMON_BLOCKS = YES;
				GCC_OPTIMIZATION_LEVEL = 0;
				GCC_PREPROCESSOR_DEFINITIONS = (
					"DEBUG=1",
					"$(inherited)",
				);
				GCC_WARN_64_TO_32_BIT_CONVERSION = YES;
				GCC_WARN_ABOUT_RETURN_TYPE = YES_ERROR;
				GCC_WARN_UNDECLARED_SELECTOR = YES;
				GCC_WARN_UNINITIALIZED_AUTOS = YES_AGGRESSIVE;
				GCC_WARN_UNUSED_FUNCTION = YES;
				GCC_WARN_UNUSED_VARIABLE = YES;
				IPHONEOS_DEPLOYMENT_TARGET = 12.4;
				MTL_ENABLE_DEBUG_INFO = INCLUDE_SOURCE;
				MTL_FAST_MATH = YES;
				ONLY_ACTIVE_ARCH = YES;
				SDKROOT = iphoneos;
				SWIFT_ACTIVE_COMPILATION_CONDITIONS = DEBUG;
				SWIFT_OPTIMIZATION_LEVEL = "-Onone";
			};
			name = Debug;
		};
		1919BF1B23076088009E71C1 /* Release */ = {
			isa = XCBuildConfiguration;
			buildSettings = {
				ALWAYS_SEARCH_USER_PATHS = NO;
				CLANG_ANALYZER_NONNULL = YES;
				CLANG_ANALYZER_NUMBER_OBJECT_CONVERSION = YES_AGGRESSIVE;
				CLANG_CXX_LANGUAGE_STANDARD = "gnu++14";
				CLANG_CXX_LIBRARY = "libc++";
				CLANG_ENABLE_MODULES = YES;
				CLANG_ENABLE_OBJC_ARC = YES;
				CLANG_ENABLE_OBJC_WEAK = YES;
				CLANG_WARN_BLOCK_CAPTURE_AUTORELEASING = YES;
				CLANG_WARN_BOOL_CONVERSION = YES;
				CLANG_WARN_COMMA = YES;
				CLANG_WARN_CONSTANT_CONVERSION = YES;
				CLANG_WARN_DEPRECATED_OBJC_IMPLEMENTATIONS = YES;
				CLANG_WARN_DIRECT_OBJC_ISA_USAGE = YES_ERROR;
				CLANG_WARN_DOCUMENTATION_COMMENTS = YES;
				CLANG_WARN_EMPTY_BODY = YES;
				CLANG_WARN_ENUM_CONVERSION = YES;
				CLANG_WARN_INFINITE_RECURSION = YES;
				CLANG_WARN_INT_CONVERSION = YES;
				CLANG_WARN_NON_LITERAL_NULL_CONVERSION = YES;
				CLANG_WARN_OBJC_IMPLICIT_RETAIN_SELF = YES;
				CLANG_WARN_OBJC_LITERAL_CONVERSION = YES;
				CLANG_WARN_OBJC_ROOT_CLASS = YES_ERROR;
				CLANG_WARN_RANGE_LOOP_ANALYSIS = YES;
				CLANG_WARN_STRICT_PROTOTYPES = YES;
				CLANG_WARN_SUSPICIOUS_MOVE = YES;
				CLANG_WARN_UNGUARDED_AVAILABILITY = YES_AGGRESSIVE;
				CLANG_WARN_UNREACHABLE_CODE = YES;
				CLANG_WARN__DUPLICATE_METHOD_MATCH = YES;
				CODE_SIGN_IDENTITY = "iPhone Developer";
				COPY_PHASE_STRIP = NO;
				DEBUG_INFORMATION_FORMAT = "dwarf-with-dsym";
				ENABLE_NS_ASSERTIONS = NO;
				ENABLE_STRICT_OBJC_MSGSEND = YES;
				GCC_C_LANGUAGE_STANDARD = gnu11;
				GCC_NO_COMMON_BLOCKS = YES;
				GCC_WARN_64_TO_32_BIT_CONVERSION = YES;
				GCC_WARN_ABOUT_RETURN_TYPE = YES_ERROR;
				GCC_WARN_UNDECLARED_SELECTOR = YES;
				GCC_WARN_UNINITIALIZED_AUTOS = YES_AGGRESSIVE;
				GCC_WARN_UNUSED_FUNCTION = YES;
				GCC_WARN_UNUSED_VARIABLE = YES;
				IPHONEOS_DEPLOYMENT_TARGET = 12.4;
				MTL_ENABLE_DEBUG_INFO = NO;
				MTL_FAST_MATH = YES;
				SDKROOT = iphoneos;
				SWIFT_COMPILATION_MODE = wholemodule;
				SWIFT_OPTIMIZATION_LEVEL = "-O";
				VALIDATE_PRODUCT = YES;
			};
			name = Release;
		};
		1919BF1D23076088009E71C1 /* Debug */ = {
			isa = XCBuildConfiguration;
			buildSettings = {
				ASSETCATALOG_COMPILER_APPICON_NAME = AppIcon;
				CODE_SIGN_STYLE = Automatic;
				INFOPLIST_FILE = Flags/Info.plist;
				LD_RUNPATH_SEARCH_PATHS = (
					"$(inherited)",
					"@executable_path/Frameworks",
				);
				PRODUCT_BUNDLE_IDENTIFIER = mx.udlap.157068.Flags;
				PRODUCT_NAME = "$(TARGET_NAME)";
				SWIFT_VERSION = 5.0;
				TARGETED_DEVICE_FAMILY = "1,2";
			};
			name = Debug;
		};
		1919BF1E23076088009E71C1 /* Release */ = {
			isa = XCBuildConfiguration;
			buildSettings = {
				ASSETCATALOG_COMPILER_APPICON_NAME = AppIcon;
				CODE_SIGN_STYLE = Automatic;
				INFOPLIST_FILE = Flags/Info.plist;
				LD_RUNPATH_SEARCH_PATHS = (
					"$(inherited)",
					"@executable_path/Frameworks",
				);
				PRODUCT_BUNDLE_IDENTIFIER = mx.udlap.157068.Flags;
				PRODUCT_NAME = "$(TARGET_NAME)";
				SWIFT_VERSION = 5.0;
				TARGETED_DEVICE_FAMILY = "1,2";
			};
			name = Release;
		};
		1919BF2023076088009E71C1 /* Debug */ = {
			isa = XCBuildConfiguration;
			buildSettings = {
				ALWAYS_EMBED_SWIFT_STANDARD_LIBRARIES = YES;
				BUNDLE_LOADER = "$(TEST_HOST)";
				CODE_SIGN_STYLE = Automatic;
				INFOPLIST_FILE = FlagsTests/Info.plist;
				LD_RUNPATH_SEARCH_PATHS = (
					"$(inherited)",
					"@executable_path/Frameworks",
					"@loader_path/Frameworks",
				);
				PRODUCT_BUNDLE_IDENTIFIER = mx.udlap.157068.FlagsTests;
				PRODUCT_NAME = "$(TARGET_NAME)";
				SWIFT_VERSION = 5.0;
				TARGETED_DEVICE_FAMILY = "1,2";
				TEST_HOST = "$(BUILT_PRODUCTS_DIR)/Flags.app/Flags";
			};
			name = Debug;
		};
		1919BF2123076088009E71C1 /* Release */ = {
			isa = XCBuildConfiguration;
			buildSettings = {
				ALWAYS_EMBED_SWIFT_STANDARD_LIBRARIES = YES;
				BUNDLE_LOADER = "$(TEST_HOST)";
				CODE_SIGN_STYLE = Automatic;
				INFOPLIST_FILE = FlagsTests/Info.plist;
				LD_RUNPATH_SEARCH_PATHS = (
					"$(inherited)",
					"@executable_path/Frameworks",
					"@loader_path/Frameworks",
				);
				PRODUCT_BUNDLE_IDENTIFIER = mx.udlap.157068.FlagsTests;
				PRODUCT_NAME = "$(TARGET_NAME)";
				SWIFT_VERSION = 5.0;
				TARGETED_DEVICE_FAMILY = "1,2";
				TEST_HOST = "$(BUILT_PRODUCTS_DIR)/Flags.app/Flags";
			};
			name = Release;
		};
		1919BF2323076088009E71C1 /* Debug */ = {
			isa = XCBuildConfiguration;
			buildSettings = {
				ALWAYS_EMBED_SWIFT_STANDARD_LIBRARIES = YES;
				CODE_SIGN_STYLE = Automatic;
				INFOPLIST_FILE = FlagsUITests/Info.plist;
				LD_RUNPATH_SEARCH_PATHS = (
					"$(inherited)",
					"@executable_path/Frameworks",
					"@loader_path/Frameworks",
				);
				PRODUCT_BUNDLE_IDENTIFIER = mx.udlap.157068.FlagsUITests;
				PRODUCT_NAME = "$(TARGET_NAME)";
				SWIFT_VERSION = 5.0;
				TARGETED_DEVICE_FAMILY = "1,2";
				TEST_TARGET_NAME = Flags;
			};
			name = Debug;
		};
		1919BF2423076088009E71C1 /* Release */ = {
			isa = XCBuildConfiguration;
			buildSettings = {
				ALWAYS_EMBED_SWIFT_STANDARD_LIBRARIES = YES;
				CODE_SIGN_STYLE = Automatic;
				INFOPLIST_FILE = FlagsUITests/Info.plist;
				LD_RUNPATH_SEARCH_PATHS = (
					"$(inherited)",
					"@executable_path/Frameworks",
					"@loader_path/Frameworks",
				);
				PRODUCT_BUNDLE_IDENTIFIER = mx.udlap.157068.FlagsUITests;
				PRODUCT_NAME = "$(TARGET_NAME)";
				SWIFT_VERSION = 5.0;
				TARGETED_DEVICE_FAMILY = "1,2";
				TEST_TARGET_NAME = Flags;
			};
			name = Release;
		};
/* End XCBuildConfiguration section */

/* Begin XCConfigurationList section */
		1919BEEF23076086009E71C1 /* Build configuration list for PBXProject "Flags" */ = {
			isa = XCConfigurationList;
			buildConfigurations = (
				1919BF1A23076088009E71C1 /* Debug */,
				1919BF1B23076088009E71C1 /* Release */,
			);
			defaultConfigurationIsVisible = 0;
			defaultConfigurationName = Release;
		};
		1919BF1C23076088009E71C1 /* Build configuration list for PBXNativeTarget "Flags" */ = {
			isa = XCConfigurationList;
			buildConfigurations = (
				1919BF1D23076088009E71C1 /* Debug */,
				1919BF1E23076088009E71C1 /* Release */,
			);
			defaultConfigurationIsVisible = 0;
			defaultConfigurationName = Release;
		};
		1919BF1F23076088009E71C1 /* Build configuration list for PBXNativeTarget "FlagsTests" */ = {
			isa = XCConfigurationList;
			buildConfigurations = (
				1919BF2023076088009E71C1 /* Debug */,
				1919BF2123076088009E71C1 /* Release */,
			);
			defaultConfigurationIsVisible = 0;
			defaultConfigurationName = Release;
		};
		1919BF2223076088009E71C1 /* Build configuration list for PBXNativeTarget "FlagsUITests" */ = {
			isa = XCConfigurationList;
			buildConfigurations = (
				1919BF2323076088009E71C1 /* Debug */,
				1919BF2423076088009E71C1 /* Release */,
			);
			defaultConfigurationIsVisible = 0;
			defaultConfigurationName = Release;
		};
/* End XCConfigurationList section */
	};
	rootObject = 1919BEEC23076086009E71C1 /* Project object */;
}
